Microsoft Visual Studio Solution File, Format Version 11.00
# Visual Studio 2010
Project("{8BC9CEB8-8B4A-11D0-8D11-00A0C91BC942}") = "libsrtp", "libsrtp.vcxproj", "{7F9A1B1F-D1D7-872F-CE15-A6CAB15CA0D5}"
EndProject
Project("{8BC9CEB8-8B4A-11D0-8D11-00A0C91BC942}") = "rdbx_driver", "rdbx_driver.vcxproj", "{295F0ED5-A891-6CB7-A54C-8B3B685F4C96}"
	ProjectSection(ProjectDependencies) = postProject
		{7F9A1B1F-D1D7-872F-CE15-A6CAB15CA0D5} = {7F9A1B1F-D1D7-872F-CE15-A6CAB15CA0D5}
	EndProjectSection
EndProject
Project("{8BC9CEB8-8B4A-11D0-8D11-00A0C91BC942}") = "replay_driver", "replay_driver.vcxproj", "{6E0B87FC-9388-DEB6-F26F-EF32D4359D34}"
	ProjectSection(ProjectDependencies) = postProject
		{7F9A1B1F-D1D7-872F-CE15-A6CAB15CA0D5} = {7F9A1B1F-D1D7-872F-CE15-A6CAB15CA0D5}
	EndProjectSection
EndProject
Project("{8BC9CEB8-8B4A-11D0-8D11-00A0C91BC942}") = "roc_driver", "roc_driver.vcxproj", "{AA4E467F-D54B-44E1-4F1B-B9CB2F8D469C}"
	ProjectSection(ProjectDependencies) = postProject
		{7F9A1B1F-D1D7-872F-CE15-A6CAB15CA0D5} = {7F9A1B1F-D1D7-872F-CE15-A6CAB15CA0D5}
	EndProjectSection
EndProject
Project("{8BC9CEB8-8B4A-11D0-8D11-00A0C91BC942}") = "rtpw", "rtpw.vcxproj", "{54F9D9C0-6A5B-764C-A7B6-A417983AA744}"
	ProjectSection(ProjectDependencies) = postProject
		{7F9A1B1F-D1D7-872F-CE15-A6CAB15CA0D5} = {7F9A1B1F-D1D7-872F-CE15-A6CAB15CA0D5}
	EndProjectSection
EndProject
Project("{8BC9CEB8-8B4A-11D0-8D11-00A0C91BC942}") = "srtp_driver", "srtp_driver.vcxproj", "{B30A56AF-D664-2B37-576D-B3F967370554}"
	ProjectSection(ProjectDependencies) = postProject
		{7F9A1B1F-D1D7-872F-CE15-A6CAB15CA0D5} = {7F9A1B1F-D1D7-872F-CE15-A6CAB15CA0D5}
	EndProjectSection
EndProject
Project("{8BC9CEB8-8B4A-11D0-8D11-00A0C91BC942}") = "srtp_runtest", "srtp_runtest.vcxproj", "{8E3FA7E7-F6D3-AF8D-9272-E22FE397E96F}"
	ProjectSection(ProjectDependencies) = postProject
		{295F0ED5-A891-6CB7-A54C-8B3B685F4C96} = {295F0ED5-A891-6CB7-A54C-8B3B685F4C96}
		{B30A56AF-D664-2B37-576D-B3F967370554} = {B30A56AF-D664-2B37-576D-B3F967370554}
		{AA4E467F-D54B-44E1-4F1B-B9CB2F8D469C} = {AA4E467F-D54B-44E1-4F1B-B9CB2F8D469C}
		{6E0B87FC-9388-DEB6-F26F-EF32D4359D34} = {6E0B87FC-9388-DEB6-F26F-EF32D4359D34}
		{54F9D9C0-6A5B-764C-A7B6-A417983AA744} = {54F9D9C0-6A5B-764C-A7B6-A417983AA744}
		{FA7324F1-4813-BB1F-91CE-0A7DD5C1BFC7} = {FA7324F1-4813-BB1F-91CE-0A7DD5C1BFC7}
		{92F7721E-ECF5-F5B2-25E4-45BC9738A0CE} = {92F7721E-ECF5-F5B2-25E4-45BC9738A0CE}
		{B582FC80-8300-916D-1DB3-0BC178B17304} = {B582FC80-8300-916D-1DB3-0BC178B17304}
		{CC6506E3-B432-9CA3-121E-21FC14363942} = {CC6506E3-B432-9CA3-121E-21FC14363942}
		{25C83D7D-316F-42B6-6100-7FB167183A1C} = {25C83D7D-316F-42B6-6100-7FB167183A1C}
		{D57700A0-3644-5B1F-36B2-7093B848AF56} = {D57700A0-3644-5B1F-36B2-7093B848AF56}
		{E8BF16B5-F21B-279F-59DB-1CA05287A343} = {E8BF16B5-F21B-279F-59DB-1CA05287A343}
		{4A255EFF-0244-3AE9-9E80-5FB67A4601A9} = {4A255EFF-0244-3AE9-9E80-5FB67A4601A9}
	EndProjectSection
EndProject
Project("{8BC9CEB8-8B4A-11D0-8D11-00A0C91BC942}") = "srtp_test_aes_calc", "srtp_test_aes_calc.vcxproj", "{D57700A0-3644-5B1F-36B2-7093B848AF56}"
	ProjectSection(ProjectDependencies) = postProject
		{7F9A1B1F-D1D7-872F-CE15-A6CAB15CA0D5} = {7F9A1B1F-D1D7-872F-CE15-A6CAB15CA0D5}
	EndProjectSection
EndProject
Project("{8BC9CEB8-8B4A-11D0-8D11-00A0C91BC942}") = "srtp_test_cipher_driver", "srtp_test_cipher_driver.vcxproj", "{FA7324F1-4813-BB1F-91CE-0A7DD5C1BFC7}"
	ProjectSection(ProjectDependencies) = postProject
		{7F9A1B1F-D1D7-872F-CE15-A6CAB15CA0D5} = {7F9A1B1F-D1D7-872F-CE15-A6CAB15CA0D5}
	EndProjectSection
EndProject
Project("{8BC9CEB8-8B4A-11D0-8D11-00A0C91BC942}") = "srtp_test_datatypes_driver", "srtp_test_datatypes_driver.vcxproj", "{92F7721E-ECF5-F5B2-25E4-45BC9738A0CE}"
	ProjectSection(ProjectDependencies) = postProject
		{7F9A1B1F-D1D7-872F-CE15-A6CAB15CA0D5} = {7F9A1B1F-D1D7-872F-CE15-A6CAB15CA0D5}
	EndProjectSection
EndProject
Project("{8BC9CEB8-8B4A-11D0-8D11-00A0C91BC942}") = "srtp_test_env", "srtp_test_env.vcxproj", "{4A255EFF-0244-3AE9-9E80-5FB67A4601A9}"
	ProjectSection(ProjectDependencies) = postProject
		{7F9A1B1F-D1D7-872F-CE15-A6CAB15CA0D5} = {7F9A1B1F-D1D7-872F-CE15-A6CAB15CA0D5}
	EndProjectSection
EndProject
Project("{8BC9CEB8-8B4A-11D0-8D11-00A0C91BC942}") = "srtp_test_kernel_driver", "srtp_test_kernel_driver.vcxproj", "{25C83D7D-316F-42B6-6100-7FB167183A1C}"
	ProjectSection(ProjectDependencies) = postProject
		{7F9A1B1F-D1D7-872F-CE15-A6CAB15CA0D5} = {7F9A1B1F-D1D7-872F-CE15-A6CAB15CA0D5}
	EndProjectSection
EndProject
Project("{8BC9CEB8-8B4A-11D0-8D11-00A0C91BC942}") = "srtp_test_rand_gen", "srtp_test_rand_gen.vcxproj", "{E8BF16B5-F21B-279F-59DB-1CA05287A343}"
	ProjectSection(ProjectDependencies) = postProject
		{7F9A1B1F-D1D7-872F-CE15-A6CAB15CA0D5} = {7F9A1B1F-D1D7-872F-CE15-A6CAB15CA0D5}
	EndProjectSection
EndProject
Project("{8BC9CEB8-8B4A-11D0-8D11-00A0C91BC942}") = "srtp_test_sha1_driver", "srtp_test_sha1_driver.vcxproj", "{CC6506E3-B432-9CA3-121E-21FC14363942}"
	ProjectSection(ProjectDependencies) = postProject
		{7F9A1B1F-D1D7-872F-CE15-A6CAB15CA0D5} = {7F9A1B1F-D1D7-872F-CE15-A6CAB15CA0D5}
	EndProjectSection
EndProject
Project("{8BC9CEB8-8B4A-11D0-8D11-00A0C91BC942}") = "srtp_test_stat_driver", "srtp_test_stat_driver.vcxproj", "{B582FC80-8300-916D-1DB3-0BC178B17304}"
	ProjectSection(ProjectDependencies) = postProject
		{7F9A1B1F-D1D7-872F-CE15-A6CAB15CA0D5} = {7F9A1B1F-D1D7-872F-CE15-A6CAB15CA0D5}
	EndProjectSection
EndProject
Global
	GlobalSection(SolutionConfigurationPlatforms) = preSolution
		Debug|x64 = Debug|x64
		Debug|Win32 = Debug|Win32
		Release|x64 = Release|x64
		Release|Win32 = Release|Win32
	EndGlobalSection
	GlobalSection(ProjectConfigurationPlatforms) = postSolution
		{25C83D7D-316F-42B6-6100-7FB167183A1C}.Debug|x64.ActiveCfg = Debug|x64
		{25C83D7D-316F-42B6-6100-7FB167183A1C}.Debug|x64.Build.0 = Debug|x64
		{25C83D7D-316F-42B6-6100-7FB167183A1C}.Debug|Win32.ActiveCfg = Debug|Win32
		{25C83D7D-316F-42B6-6100-7FB167183A1C}.Debug|Win32.Build.0 = Debug|Win32
		{25C83D7D-316F-42B6-6100-7FB167183A1C}.Release|x64.ActiveCfg = Release|x64
		{25C83D7D-316F-42B6-6100-7FB167183A1C}.Release|x64.Build.0 = Release|x64
		{25C83D7D-316F-42B6-6100-7FB167183A1C}.Release|Win32.ActiveCfg = Release|Win32
		{25C83D7D-316F-42B6-6100-7FB167183A1C}.Release|Win32.Build.0 = Release|Win32
		{295F0ED5-A891-6CB7-A54C-8B3B685F4C96}.Debug|x64.ActiveCfg = Debug|x64
		{295F0ED5-A891-6CB7-A54C-8B3B685F4C96}.Debug|x64.Build.0 = Debug|x64
		{295F0ED5-A891-6CB7-A54C-8B3B685F4C96}.Debug|Win32.ActiveCfg = Debug|Win32
		{295F0ED5-A891-6CB7-A54C-8B3B685F4C96}.Debug|Win32.Build.0 = Debug|Win32
		{295F0ED5-A891-6CB7-A54C-8B3B685F4C96}.Release|x64.ActiveCfg = Release|x64
		{295F0ED5-A891-6CB7-A54C-8B3B685F4C96}.Release|x64.Build.0 = Release|x64
		{295F0ED5-A891-6CB7-A54C-8B3B685F4C96}.Release|Win32.ActiveCfg = Release|Win32
		{295F0ED5-A891-6CB7-A54C-8B3B685F4C96}.Release|Win32.Build.0 = Release|Win32
		{4A255EFF-0244-3AE9-9E80-5FB67A4601A9}.Debug|x64.ActiveCfg = Debug|x64
		{4A255EFF-0244-3AE9-9E80-5FB67A4601A9}.Debug|x64.Build.0 = Debug|x64
		{4A255EFF-0244-3AE9-9E80-5FB67A4601A9}.Debug|Win32.ActiveCfg = Debug|Win32
		{4A255EFF-0244-3AE9-9E80-5FB67A4601A9}.Debug|Win32.Build.0 = Debug|Win32
		{4A255EFF-0244-3AE9-9E80-5FB67A4601A9}.Release|x64.ActiveCfg = Release|x64
		{4A255EFF-0244-3AE9-9E80-5FB67A4601A9}.Release|x64.Build.0 = Release|x64
		{4A255EFF-0244-3AE9-9E80-5FB67A4601A9}.Release|Win32.ActiveCfg = Release|Win32
		{4A255EFF-0244-3AE9-9E80-5FB67A4601A9}.Release|Win32.Build.0 = Release|Win32
		{54F9D9C0-6A5B-764C-A7B6-A417983AA744}.Debug|x64.ActiveCfg = Debug|x64
		{54F9D9C0-6A5B-764C-A7B6-A417983AA744}.Debug|x64.Build.0 = Debug|x64
		{54F9D9C0-6A5B-764C-A7B6-A417983AA744}.Debug|Win32.ActiveCfg = Debug|Win32
		{54F9D9C0-6A5B-764C-A7B6-A417983AA744}.Debug|Win32.Build.0 = Debug|Win32
		{54F9D9C0-6A5B-764C-A7B6-A417983AA744}.Release|x64.ActiveCfg = Release|x64
		{54F9D9C0-6A5B-764C-A7B6-A417983AA744}.Release|x64.Build.0 = Release|x64
		{54F9D9C0-6A5B-764C-A7B6-A417983AA744}.Release|Win32.ActiveCfg = Release|Win32
		{54F9D9C0-6A5B-764C-A7B6-A417983AA744}.Release|Win32.Build.0 = Release|Win32
		{6E0B87FC-9388-DEB6-F26F-EF32D4359D34}.Debug|x64.ActiveCfg = Debug|x64
		{6E0B87FC-9388-DEB6-F26F-EF32D4359D34}.Debug|x64.Build.0 = Debug|x64
		{6E0B87FC-9388-DEB6-F26F-EF32D4359D34}.Debug|Win32.ActiveCfg = Debug|Win32
		{6E0B87FC-9388-DEB6-F26F-EF32D4359D34}.Debug|Win32.Build.0 = Debug|Win32
		{6E0B87FC-9388-DEB6-F26F-EF32D4359D34}.Release|x64.ActiveCfg = Release|x64
		{6E0B87FC-9388-DEB6-F26F-EF32D4359D34}.Release|x64.Build.0 = Release|x64
		{6E0B87FC-9388-DEB6-F26F-EF32D4359D34}.Release|Win32.ActiveCfg = Release|Win32
		{6E0B87FC-9388-DEB6-F26F-EF32D4359D34}.Release|Win32.Build.0 = Release|Win32
		{7F9A1B1F-D1D7-872F-CE15-A6CAB15CA0D5}.Debug|x64.ActiveCfg = Debug|x64
		{7F9A1B1F-D1D7-872F-CE15-A6CAB15CA0D5}.Debug|x64.Build.0 = Debug|x64
		{7F9A1B1F-D1D7-872F-CE15-A6CAB15CA0D5}.Debug|Win32.ActiveCfg = Debug|Win32
		{7F9A1B1F-D1D7-872F-CE15-A6CAB15CA0D5}.Debug|Win32.Build.0 = Debug|Win32
		{7F9A1B1F-D1D7-872F-CE15-A6CAB15CA0D5}.Release|x64.ActiveCfg = Release|x64
		{7F9A1B1F-D1D7-872F-CE15-A6CAB15CA0D5}.Release|x64.Build.0 = Release|x64
		{7F9A1B1F-D1D7-872F-CE15-A6CAB15CA0D5}.Release|Win32.ActiveCfg = Release|Win32
		{7F9A1B1F-D1D7-872F-CE15-A6CAB15CA0D5}.Release|Win32.Build.0 = Release|Win32
		{8E3FA7E7-F6D3-AF8D-9272-E22FE397E96F}.Debug|x64.ActiveCfg = Debug|x64
		{8E3FA7E7-F6D3-AF8D-9272-E22FE397E96F}.Debug|x64.Build.0 = Debug|x64
		{8E3FA7E7-F6D3-AF8D-9272-E22FE397E96F}.Debug|Win32.ActiveCfg = Debug|Win32
		{8E3FA7E7-F6D3-AF8D-9272-E22FE397E96F}.Debug|Win32.Build.0 = Debug|Win32
		{8E3FA7E7-F6D3-AF8D-9272-E22FE397E96F}.Release|x64.ActiveCfg = Release|x64
		{8E3FA7E7-F6D3-AF8D-9272-E22FE397E96F}.Release|x64.Build.0 = Release|x64
		{8E3FA7E7-F6D3-AF8D-9272-E22FE397E96F}.Release|Win32.ActiveCfg = Release|Win32
		{8E3FA7E7-F6D3-AF8D-9272-E22FE397E96F}.Release|Win32.Build.0 = Release|Win32
		{92F7721E-ECF5-F5B2-25E4-45BC9738A0CE}.Debug|x64.ActiveCfg = Debug|x64
		{92F7721E-ECF5-F5B2-25E4-45BC9738A0CE}.Debug|x64.Build.0 = Debug|x64
		{92F7721E-ECF5-F5B2-25E4-45BC9738A0CE}.Debug|Win32.ActiveCfg = Debug|Win32
		{92F7721E-ECF5-F5B2-25E4-45BC9738A0CE}.Debug|Win32.Build.0 = Debug|Win32
		{92F7721E-ECF5-F5B2-25E4-45BC9738A0CE}.Release|x64.ActiveCfg = Release|x64
		{92F7721E-ECF5-F5B2-25E4-45BC9738A0CE}.Release|x64.Build.0 = Release|x64
		{92F7721E-ECF5-F5B2-25E4-45BC9738A0CE}.Release|Win32.ActiveCfg = Release|Win32
		{92F7721E-ECF5-F5B2-25E4-45BC9738A0CE}.Release|Win32.Build.0 = Release|Win32
		{AA4E467F-D54B-44E1-4F1B-B9CB2F8D469C}.Debug|x64.ActiveCfg = Debug|x64
		{AA4E467F-D54B-44E1-4F1B-B9CB2F8D469C}.Debug|x64.Build.0 = Debug|x64
		{AA4E467F-D54B-44E1-4F1B-B9CB2F8D469C}.Debug|Win32.ActiveCfg = Debug|Win32
		{AA4E467F-D54B-44E1-4F1B-B9CB2F8D469C}.Debug|Win32.Build.0 = Debug|Win32
		{AA4E467F-D54B-44E1-4F1B-B9CB2F8D469C}.Release|x64.ActiveCfg = Release|x64
		{AA4E467F-D54B-44E1-4F1B-B9CB2F8D469C}.Release|x64.Build.0 = Release|x64
		{AA4E467F-D54B-44E1-4F1B-B9CB2F8D469C}.Release|Win32.ActiveCfg = Release|Win32
		{AA4E467F-D54B-44E1-4F1B-B9CB2F8D469C}.Release|Win32.Build.0 = Release|Win32
		{B30A56AF-D664-2B37-576D-B3F967370554}.Debug|x64.ActiveCfg = Debug|x64
		{B30A56AF-D664-2B37-576D-B3F967370554}.Debug|x64.Build.0 = Debug|x64
		{B30A56AF-D664-2B37-576D-B3F967370554}.Debug|Win32.ActiveCfg = Debug|Win32
		{B30A56AF-D664-2B37-576D-B3F967370554}.Debug|Win32.Build.0 = Debug|Win32
		{B30A56AF-D664-2B37-576D-B3F967370554}.Release|x64.ActiveCfg = Release|x64
		{B30A56AF-D664-2B37-576D-B3F967370554}.Release|x64.Build.0 = Release|x64
		{B30A56AF-D664-2B37-576D-B3F967370554}.Release|Win32.ActiveCfg = Release|Win32
		{B30A56AF-D664-2B37-576D-B3F967370554}.Release|Win32.Build.0 = Release|Win32
		{B582FC80-8300-916D-1DB3-0BC178B17304}.Debug|x64.ActiveCfg = Debug|x64
		{B582FC80-8300-916D-1DB3-0BC178B17304}.Debug|x64.Build.0 = Debug|x64
		{B582FC80-8300-916D-1DB3-0BC178B17304}.Debug|Win32.ActiveCfg = Debug|Win32
		{B582FC80-8300-916D-1DB3-0BC178B17304}.Debug|Win32.Build.0 = Debug|Win32
		{B582FC80-8300-916D-1DB3-0BC178B17304}.Release|x64.ActiveCfg = Release|x64
		{B582FC80-8300-916D-1DB3-0BC178B17304}.Release|x64.Build.0 = Release|x64
		{B582FC80-8300-916D-1DB3-0BC178B17304}.Release|Win32.ActiveCfg = Release|Win32
		{B582FC80-8300-916D-1DB3-0BC178B17304}.Release|Win32.Build.0 = Release|Win32
		{CC6506E3-B432-9CA3-121E-21FC14363942}.Debug|x64.ActiveCfg = Debug|x64
		{CC6506E3-B432-9CA3-121E-21FC14363942}.Debug|x64.Build.0 = Debug|x64
		{CC6506E3-B432-9CA3-121E-21FC14363942}.Debug|Win32.ActiveCfg = Debug|Win32
		{CC6506E3-B432-9CA3-121E-21FC14363942}.Debug|Win32.Build.0 = Debug|Win32
		{CC6506E3-B432-9CA3-121E-21FC14363942}.Release|x64.ActiveCfg = Release|x64
		{CC6506E3-B432-9CA3-121E-21FC14363942}.Release|x64.Build.0 = Release|x64
		{CC6506E3-B432-9CA3-121E-21FC14363942}.Release|Win32.ActiveCfg = Release|Win32
		{CC6506E3-B432-9CA3-121E-21FC14363942}.Release|Win32.Build.0 = Release|Win32
		{D57700A0-3644-5B1F-36B2-7093B848AF56}.Debug|x64.ActiveCfg = Debug|x64
		{D57700A0-3644-5B1F-36B2-7093B848AF56}.Debug|x64.Build.0 = Debug|x64
		{D57700A0-3644-5B1F-36B2-7093B848AF56}.Debug|Win32.ActiveCfg = Debug|Win32
		{D57700A0-3644-5B1F-36B2-7093B848AF56}.Debug|Win32.Build.0 = Debug|Win32
		{D57700A0-3644-5B1F-36B2-7093B848AF56}.Release|x64.ActiveCfg = Release|x64
		{D57700A0-3644-5B1F-36B2-7093B848AF56}.Release|x64.Build.0 = Release|x64
		{D57700A0-3644-5B1F-36B2-7093B848AF56}.Release|Win32.ActiveCfg = Release|Win32
		{D57700A0-3644-5B1F-36B2-7093B848AF56}.Release|Win32.Build.0 = Release|Win32
		{E8BF16B5-F21B-279F-59DB-1CA05287A343}.Debug|x64.ActiveCfg = Debug|x64
		{E8BF16B5-F21B-279F-59DB-1CA05287A343}.Debug|x64.Build.0 = Debug|x64
		{E8BF16B5-F21B-279F-59DB-1CA05287A343}.Debug|Win32.ActiveCfg = Debug|Win32
		{E8BF16B5-F21B-279F-59DB-1CA05287A343}.Debug|Win32.Build.0 = Debug|Win32
		{E8BF16B5-F21B-279F-59DB-1CA05287A343}.Release|x64.ActiveCfg = Release|x64
		{E8BF16B5-F21B-279F-59DB-1CA05287A343}.Release|x64.Build.0 = Release|x64
		{E8BF16B5-F21B-279F-59DB-1CA05287A343}.Release|Win32.ActiveCfg = Release|Win32
		{E8BF16B5-F21B-279F-59DB-1CA05287A343}.Release|Win32.Build.0 = Release|Win32
		{FA7324F1-4813-BB1F-91CE-0A7DD5C1BFC7}.Debug|x64.ActiveCfg = Debug|x64
		{FA7324F1-4813-BB1F-91CE-0A7DD5C1BFC7}.Debug|x64.Build.0 = Debug|x64
		{FA7324F1-4813-BB1F-91CE-0A7DD5C1BFC7}.Debug|Win32.ActiveCfg = Debug|Win32
		{FA7324F1-4813-BB1F-91CE-0A7DD5C1BFC7}.Debug|Win32.Build.0 = Debug|Win32
		{FA7324F1-4813-BB1F-91CE-0A7DD5C1BFC7}.Release|x64.ActiveCfg = Release|x64
		{FA7324F1-4813-BB1F-91CE-0A7DD5C1BFC7}.Release|x64.Build.0 = Release|x64
		{FA7324F1-4813-BB1F-91CE-0A7DD5C1BFC7}.Release|Win32.ActiveCfg = Release|Win32
		{FA7324F1-4813-BB1F-91CE-0A7DD5C1BFC7}.Release|Win32.Build.0 = Release|Win32
	EndGlobalSection
	GlobalSection(SolutionProperties) = preSolution
		HideSolutionNode = FALSE
	EndGlobalSection
EndGlobal
