Microsoft Visual Studio Solution File, Format Version 11.00
# Visual Studio 2010
Project("{8BC9CEB8-8B4A-11D0-8D11-00A0C91BC942}") = "libusb", "libusb.vcxproj", "{630DCCB5-8F3B-BB78-B415-B35B95C2EA03}"
EndProject
Global
	GlobalSection(SolutionConfigurationPlatforms) = preSolution
		Release|x64 = Release|x64
		Debug|Win32 = Debug|Win32
		Debug|x64 = Debug|x64
		Release|Win32 = Release|Win32
	EndGlobalSection
	GlobalSection(ProjectConfigurationPlatforms) = postSolution
		{630DCCB5-8F3B-BB78-B415-B35B95C2EA03}.Release|x64.ActiveCfg = Release|x64
		{630DCCB5-8F3B-BB78-B415-B35B95C2EA03}.Release|x64.Build.0 = Release|x64
		{630DCCB5-8F3B-BB78-B415-B35B95C2EA03}.Debug|Win32.ActiveCfg = Debug|Win32
		{630DCCB5-8F3B-BB78-B415-B35B95C2EA03}.Debug|Win32.Build.0 = Debug|Win32
		{630DCCB5-8F3B-BB78-B415-B35B95C2EA03}.Debug|x64.ActiveCfg = Debug|x64
		{630DCCB5-8F3B-BB78-B415-B35B95C2EA03}.Debug|x64.Build.0 = Debug|x64
		{630DCCB5-8F3B-BB78-B415-B35B95C2EA03}.Release|Win32.ActiveCfg = Release|Win32
		{630DCCB5-8F3B-BB78-B415-B35B95C2EA03}.Release|Win32.Build.0 = Release|Win32
	EndGlobalSection
	GlobalSection(SolutionProperties) = preSolution
		HideSolutionNode = FALSE
	EndGlobalSection
EndGlobal
