Microsoft Visual Studio Solution File, Format Version 11.00
# Visual Studio 2010
Project("{2150E333-8FDC-42A3-9474-1A3956D46DE8}") = "(codecs)", "..\..\..\webrtc\modules\video_coding\codecs", "{B4099936-46EF-B0C3-5A31-AE0F2D636A29}"
EndProject
Project("{2150E333-8FDC-42A3-9474-1A3956D46DE8}") = "(common_audio)", "..\..\..\webrtc\common_audio", "{F4DBC581-D1BC-0F15-B59D-4DD93B16A165}"
EndProject
Project("{2150E333-8FDC-42A3-9474-1A3956D46DE8}") = "(libjpeg_turbo)", "..\..\..\libjpeg_turbo", "{8BDE7D70-C0A0-0C23-2BC8-768E0C8D91DB}"
EndProject
Project("{2150E333-8FDC-42A3-9474-1A3956D46DE8}") = "(libvpx)", "..\..\..\libvpx", "{B8953704-62D0-8710-61C7-F2DA09DC6725}"
EndProject
Project("{2150E333-8FDC-42A3-9474-1A3956D46DE8}") = "(modules)", "..\..\..\webrtc\modules", "{D7F6AEC4-7DF6-3BA0-9018-2938860660D1}"
EndProject
Project("{2150E333-8FDC-42A3-9474-1A3956D46DE8}") = "(protobuf)", "..\..\..\protobuf", "{536A313E-60AE-7277-9C30-B45466DB0F08}"
EndProject
Project("{2150E333-8FDC-42A3-9474-1A3956D46DE8}") = "(remote_bitrate_estimator)", "..\..\..\webrtc\modules\remote_bitrate_estimator", "{A165ABBC-D280-78E7-5441-C04A02F44126}"
EndProject
Project("{2150E333-8FDC-42A3-9474-1A3956D46DE8}") = "(source)", "..\..\..\webrtc\system_wrappers\source", "{38B7683E-6F16-B5E1-5F7D-9D2F85A33684}"
EndProject
Project("{2150E333-8FDC-42A3-9474-1A3956D46DE8}") = "(system_wrappers)", "..\..\..\webrtc\system_wrappers", "{C22DCE09-BE8E-C79C-FFD0-C3927B546C91}"
EndProject
Project("{2150E333-8FDC-42A3-9474-1A3956D46DE8}") = "(utility)", "..\..\..\webrtc\modules\video_coding\utility", "{B3629B5A-22C3-6180-5AC1-7686872A3BDD}"
EndProject
Project("{2150E333-8FDC-42A3-9474-1A3956D46DE8}") = "(video_coding)", "..\..\..\webrtc\modules\video_coding", "{1129EF10-A8C4-0CE3-A02C-280FB3F2A1BD}"
EndProject
Project("{2150E333-8FDC-42A3-9474-1A3956D46DE8}") = "(video_engine)", "..\..\..\webrtc\video_engine", "{9513D928-69BB-95DF-8D5D-0CBA54FECF2D}"
EndProject
Project("{2150E333-8FDC-42A3-9474-1A3956D46DE8}") = "(vp8)", "..\..\..\webrtc\modules\video_coding\codecs\vp8", "{5FA337A4-A4B8-0DFF-54B7-11AF37917B53}"
EndProject
Project("{2150E333-8FDC-42A3-9474-1A3956D46DE8}") = "(webrtc)", "..\..\..\webrtc", "{FB3E20CC-9516-F7D2-EFF7-C27ABDCA54B9}"
EndProject
Project("{2150E333-8FDC-42A3-9474-1A3956D46DE8}") = "(yasm)", "..\..\..\yasm", "{0DF124FD-E647-B3BA-7C65-D73417BD945A}"
EndProject
Project("{8BC9CEB8-8B4A-11D0-8D11-00A0C91BC942}") = "CNG", "modules\CNG.vcxproj", "{2E3DBD36-F656-91A8-0671-346D50FBADEB}"
EndProject
Project("{8BC9CEB8-8B4A-11D0-8D11-00A0C91BC942}") = "G711", "modules\G711.vcxproj", "{AE89E2A5-DD1E-9B05-C946-F2891DFA8F0F}"
EndProject
Project("{8BC9CEB8-8B4A-11D0-8D11-00A0C91BC942}") = "G722", "modules\G722.vcxproj", "{099A77AC-21E9-FABF-E9AB-5B1D1F3ACC48}"
EndProject
Project("{8BC9CEB8-8B4A-11D0-8D11-00A0C91BC942}") = "NetEq", "modules\NetEq.vcxproj", "{83FBAA87-8C2F-C686-777D-B7A828FAD366}"
EndProject
Project("{8BC9CEB8-8B4A-11D0-8D11-00A0C91BC942}") = "NetEq4", "modules\NetEq4.vcxproj", "{8C10267F-92E0-7805-97ED-D1B170256868}"
EndProject
Project("{8BC9CEB8-8B4A-11D0-8D11-00A0C91BC942}") = "PCM16B", "modules\PCM16B.vcxproj", "{185A7C02-853C-BCFF-3D6B-078237C3EA31}"
EndProject
Project("{8BC9CEB8-8B4A-11D0-8D11-00A0C91BC942}") = "acm2", "modules\acm2.vcxproj", "{FF10F00D-5702-F3EE-AE79-47BE792E469F}"
EndProject
Project("{8BC9CEB8-8B4A-11D0-8D11-00A0C91BC942}") = "audio_coding_module", "modules\audio_coding_module.vcxproj", "{146375DB-C9B9-57F5-E9E9-AFEB55469AE6}"
EndProject
Project("{8BC9CEB8-8B4A-11D0-8D11-00A0C91BC942}") = "audio_conference_mixer", "modules\audio_conference_mixer.vcxproj", "{E92D16BA-4645-6C1D-7B47-31F6A52C2DA5}"
EndProject
Project("{8BC9CEB8-8B4A-11D0-8D11-00A0C91BC942}") = "audio_device", "modules\audio_device.vcxproj", "{C4C0F7B0-ADAF-2021-7F0A-4A6706FB67E9}"
EndProject
Project("{8BC9CEB8-8B4A-11D0-8D11-00A0C91BC942}") = "audio_processing", "modules\audio_processing.vcxproj", "{0F614437-A5FF-28FC-A906-8E60948FCEE2}"
	ProjectSection(ProjectDependencies) = postProject
		{99767437-45DA-EB55-2AC7-E7457A165319} = {99767437-45DA-EB55-2AC7-E7457A165319}
	EndProjectSection
EndProject
Project("{8BC9CEB8-8B4A-11D0-8D11-00A0C91BC942}") = "audio_processing_sse2", "modules\audio_processing_sse2.vcxproj", "{0ED4787F-619F-6A05-A86A-FEF933A6C99A}"
EndProject
Project("{8BC9CEB8-8B4A-11D0-8D11-00A0C91BC942}") = "audioproc_debug_proto", "modules\audioproc_debug_proto.vcxproj", "{99767437-45DA-EB55-2AC7-E7457A165319}"
	ProjectSection(ProjectDependencies) = postProject
		{8C160D13-20E0-A530-24A9-55D348DDE638} = {8C160D13-20E0-A530-24A9-55D348DDE638}
	EndProjectSection
EndProject
Project("{8BC9CEB8-8B4A-11D0-8D11-00A0C91BC942}") = "bitrate_controller", "modules\bitrate_controller.vcxproj", "{2B255AD5-EBAB-91CB-8D0B-92A3BD526175}"
EndProject
Project("{8BC9CEB8-8B4A-11D0-8D11-00A0C91BC942}") = "common_audio", "common_audio\common_audio.vcxproj", "{94C3F65E-548B-E5D2-6AB2-9BFACE5099FE}"
EndProject
Project("{8BC9CEB8-8B4A-11D0-8D11-00A0C91BC942}") = "common_audio_sse2", "common_audio\common_audio_sse2.vcxproj", "{F730E069-A7AB-114A-9B0C-A12D6547D729}"
EndProject
Project("{8BC9CEB8-8B4A-11D0-8D11-00A0C91BC942}") = "common_video", "common_video\common_video.vcxproj", "{C78F1F67-4739-08BD-2A1B-E02E1693CCE2}"
EndProject
Project("{8BC9CEB8-8B4A-11D0-8D11-00A0C91BC942}") = "config_sources", "..\yasm\config_sources.vcxproj", "{450E00FA-D94A-C224-FD4C-86B762E81856}"
EndProject
Project("{8BC9CEB8-8B4A-11D0-8D11-00A0C91BC942}") = "desktop_capture", "modules\desktop_capture.vcxproj", "{1E57B008-04C0-0535-2E4E-DA529226AB62}"
EndProject
Project("{8BC9CEB8-8B4A-11D0-8D11-00A0C91BC942}") = "desktop_capture_differ_sse2", "modules\desktop_capture_differ_sse2.vcxproj", "{A9AD89F3-BB87-4C7A-7213-620D03A800E7}"
EndProject
Project("{8BC9CEB8-8B4A-11D0-8D11-00A0C91BC942}") = "gen_asm_offsets_vp8", "..\libvpx\gen_asm_offsets_vp8.vcxproj", "{D8DEEF1A-3301-C556-D46C-370D281EBF81}"
	ProjectSection(ProjectDependencies) = postProject
		{98C4C46F-2138-AB65-A966-7CF5050E9A36} = {98C4C46F-2138-AB65-A966-7CF5050E9A36}
		{92D28FDE-22C4-327C-6F38-E052B0ACD578} = {92D28FDE-22C4-327C-6F38-E052B0ACD578}
	EndProjectSection
EndProject
Project("{8BC9CEB8-8B4A-11D0-8D11-00A0C91BC942}") = "generate_files", "..\yasm\generate_files.vcxproj", "{E60D57ED-497C-1EEE-5E35-6B78E6C8CC1A}"
	ProjectSection(ProjectDependencies) = postProject
		{DF4AFFEF-4BFA-3483-99C3-77F3A45ADB2D} = {DF4AFFEF-4BFA-3483-99C3-77F3A45ADB2D}
		{1EF7BA70-7393-8505-3C27-521EC9A7AA15} = {1EF7BA70-7393-8505-3C27-521EC9A7AA15}
	EndProjectSection
EndProject
Project("{8BC9CEB8-8B4A-11D0-8D11-00A0C91BC942}") = "genmacro", "..\yasm\genmacro.vcxproj", "{79E11EC6-9D35-51F4-B78D-D881FFD676ED}"
	ProjectSection(ProjectDependencies) = postProject
		{450E00FA-D94A-C224-FD4C-86B762E81856} = {450E00FA-D94A-C224-FD4C-86B762E81856}
	EndProjectSection
EndProject
Project("{8BC9CEB8-8B4A-11D0-8D11-00A0C91BC942}") = "genmodule", "..\yasm\genmodule.vcxproj", "{72107907-3394-4327-F9C6-D23955202E8B}"
	ProjectSection(ProjectDependencies) = postProject
		{450E00FA-D94A-C224-FD4C-86B762E81856} = {450E00FA-D94A-C224-FD4C-86B762E81856}
	EndProjectSection
EndProject
Project("{8BC9CEB8-8B4A-11D0-8D11-00A0C91BC942}") = "genperf", "..\yasm\genperf.vcxproj", "{DF4AFFEF-4BFA-3483-99C3-77F3A45ADB2D}"
	ProjectSection(ProjectDependencies) = postProject
		{F4558B43-8467-F51A-2B7A-341659E15C8D} = {F4558B43-8467-F51A-2B7A-341659E15C8D}
		{450E00FA-D94A-C224-FD4C-86B762E81856} = {450E00FA-D94A-C224-FD4C-86B762E81856}
	EndProjectSection
EndProject
Project("{8BC9CEB8-8B4A-11D0-8D11-00A0C91BC942}") = "genperf_libs", "..\yasm\genperf_libs.vcxproj", "{F4558B43-8467-F51A-2B7A-341659E15C8D}"
	ProjectSection(ProjectDependencies) = postProject
		{450E00FA-D94A-C224-FD4C-86B762E81856} = {450E00FA-D94A-C224-FD4C-86B762E81856}
	EndProjectSection
EndProject
Project("{8BC9CEB8-8B4A-11D0-8D11-00A0C91BC942}") = "genstring", "..\yasm\genstring.vcxproj", "{CD85B2A7-E43A-5D27-263D-572F03D0888F}"
	ProjectSection(ProjectDependencies) = postProject
		{450E00FA-D94A-C224-FD4C-86B762E81856} = {450E00FA-D94A-C224-FD4C-86B762E81856}
	EndProjectSection
EndProject
Project("{8BC9CEB8-8B4A-11D0-8D11-00A0C91BC942}") = "genversion", "..\yasm\genversion.vcxproj", "{1EF7BA70-7393-8505-3C27-521EC9A7AA15}"
	ProjectSection(ProjectDependencies) = postProject
		{450E00FA-D94A-C224-FD4C-86B762E81856} = {450E00FA-D94A-C224-FD4C-86B762E81856}
	EndProjectSection
EndProject
Project("{8BC9CEB8-8B4A-11D0-8D11-00A0C91BC942}") = "iLBC", "modules\iLBC.vcxproj", "{E7926B4C-6AEA-CD53-B30F-69B1A19CD447}"
EndProject
Project("{8BC9CEB8-8B4A-11D0-8D11-00A0C91BC942}") = "iSAC", "modules\iSAC.vcxproj", "{BEF152FF-0EFD-E35A-6433-CD378352884A}"
EndProject
Project("{8BC9CEB8-8B4A-11D0-8D11-00A0C91BC942}") = "iSACFix", "modules\iSACFix.vcxproj", "{C4F969E7-64B5-868A-46D3-DF4169BA347A}"
EndProject
Project("{8BC9CEB8-8B4A-11D0-8D11-00A0C91BC942}") = "libjpeg", "..\libjpeg_turbo\libjpeg.vcxproj", "{59AE9B49-7D3A-B829-BD9D-B35923734432}"
EndProject
Project("{8BC9CEB8-8B4A-11D0-8D11-00A0C91BC942}") = "libvpx", "..\libvpx\libvpx.vcxproj", "{4F489D8C-9A3E-5BA2-3751-CA90A4E2CD39}"
	ProjectSection(ProjectDependencies) = postProject
		{D8DEEF1A-3301-C556-D46C-370D281EBF81} = {D8DEEF1A-3301-C556-D46C-370D281EBF81}
		{4DD5E719-A51B-4B84-DB2D-B7EC428498A3} = {4DD5E719-A51B-4B84-DB2D-B7EC428498A3}
	EndProjectSection
EndProject
Project("{8BC9CEB8-8B4A-11D0-8D11-00A0C91BC942}") = "libvpx_asm_offsets_vp8", "..\libvpx\libvpx_asm_offsets_vp8.vcxproj", "{98C4C46F-2138-AB65-A966-7CF5050E9A36}"
EndProject
Project("{8BC9CEB8-8B4A-11D0-8D11-00A0C91BC942}") = "libvpx_intrinsics_mmx", "..\libvpx\libvpx_intrinsics_mmx.vcxproj", "{29FE02B8-3BCE-B099-3B2C-312C53DDD1B2}"
EndProject
Project("{8BC9CEB8-8B4A-11D0-8D11-00A0C91BC942}") = "libvpx_intrinsics_sse2", "..\libvpx\libvpx_intrinsics_sse2.vcxproj", "{DB754D36-AF9A-E2D7-B9F1-1D6B46CACC78}"
EndProject
Project("{8BC9CEB8-8B4A-11D0-8D11-00A0C91BC942}") = "libvpx_intrinsics_ssse3", "..\libvpx\libvpx_intrinsics_ssse3.vcxproj", "{3FFAEEE0-4022-349D-FFBB-80B6FDF77CC9}"
EndProject
Project("{8BC9CEB8-8B4A-11D0-8D11-00A0C91BC942}") = "libvpx_obj_int_extract", "..\libvpx\libvpx_obj_int_extract.vcxproj", "{92D28FDE-22C4-327C-6F38-E052B0ACD578}"
EndProject
Project("{8BC9CEB8-8B4A-11D0-8D11-00A0C91BC942}") = "libyuv", "..\libyuv\libyuv.vcxproj", "{031169C3-09D1-8AEC-52C9-17B82BE0F71A}"
EndProject
Project("{8BC9CEB8-8B4A-11D0-8D11-00A0C91BC942}") = "media_file", "modules\media_file.vcxproj", "{8CCF4CFA-D21A-2F2C-DCF8-60D76854CB7F}"
EndProject
Project("{8BC9CEB8-8B4A-11D0-8D11-00A0C91BC942}") = "opus", "..\opus\opus.vcxproj", "{17C656A0-26EF-15D9-CD98-98F5611AE8B3}"
EndProject
Project("{8BC9CEB8-8B4A-11D0-8D11-00A0C91BC942}") = "paced_sender", "modules\paced_sender.vcxproj", "{D35D182D-A4DA-20DF-14FF-2406D59534A4}"
EndProject
Project("{8BC9CEB8-8B4A-11D0-8D11-00A0C91BC942}") = "protobuf_full_do_not_use", "..\protobuf\protobuf_full_do_not_use.vcxproj", "{C77FBD5E-961D-28C8-02F4-F77C3D73B0C1}"
EndProject
Project("{8BC9CEB8-8B4A-11D0-8D11-00A0C91BC942}") = "protobuf_lite", "..\protobuf\protobuf_lite.vcxproj", "{D8ECA65B-F16D-4518-7238-14A624F8E6A2}"
EndProject
Project("{8BC9CEB8-8B4A-11D0-8D11-00A0C91BC942}") = "protoc", "..\protobuf\protoc.vcxproj", "{8C160D13-20E0-A530-24A9-55D348DDE638}"
	ProjectSection(ProjectDependencies) = postProject
		{C77FBD5E-961D-28C8-02F4-F77C3D73B0C1} = {C77FBD5E-961D-28C8-02F4-F77C3D73B0C1}
	EndProjectSection
EndProject
Project("{8BC9CEB8-8B4A-11D0-8D11-00A0C91BC942}") = "rbe_components", "modules\remote_bitrate_estimator\rbe_components.vcxproj", "{EC2C7316-C2CD-797A-50E7-8DAD57C39093}"
EndProject
Project("{8BC9CEB8-8B4A-11D0-8D11-00A0C91BC942}") = "re2c", "..\yasm\re2c.vcxproj", "{66884588-CE0A-F74D-7CE5-2E93AE536B67}"
	ProjectSection(ProjectDependencies) = postProject
		{450E00FA-D94A-C224-FD4C-86B762E81856} = {450E00FA-D94A-C224-FD4C-86B762E81856}
	EndProjectSection
EndProject
Project("{8BC9CEB8-8B4A-11D0-8D11-00A0C91BC942}") = "remote_bitrate_estimator", "modules\remote_bitrate_estimator.vcxproj", "{2AC23F40-6DF5-D19C-0C8B-8719E81FC920}"
EndProject
Project("{8BC9CEB8-8B4A-11D0-8D11-00A0C91BC942}") = "rtp_rtcp", "modules\rtp_rtcp.vcxproj", "{BB6164E8-B627-6EAF-C82B-1714EA080642}"
EndProject
Project("{8BC9CEB8-8B4A-11D0-8D11-00A0C91BC942}") = "system_wrappers", "system_wrappers\source\system_wrappers.vcxproj", "{1AE4BD9F-684A-F06F-23D4-1A47F1947979}"
EndProject
Project("{8BC9CEB8-8B4A-11D0-8D11-00A0C91BC942}") = "video_capture_module", "modules\video_capture_module.vcxproj", "{EA9669E6-7C85-7BB3-70A5-5E617E47B2E0}"
EndProject
Project("{8BC9CEB8-8B4A-11D0-8D11-00A0C91BC942}") = "video_coding_utility", "modules\video_coding\utility\video_coding_utility.vcxproj", "{F1870E70-A42C-3D23-EA8D-B71324933C3E}"
EndProject
Project("{8BC9CEB8-8B4A-11D0-8D11-00A0C91BC942}") = "video_engine_core", "video_engine\video_engine_core.vcxproj", "{93F5B4E9-BEBF-58AB-29DD-352049149181}"
EndProject
Project("{8BC9CEB8-8B4A-11D0-8D11-00A0C91BC942}") = "video_processing", "modules\video_processing.vcxproj", "{0BF31915-67DE-A05E-CD96-CF479A1ABB70}"
EndProject
Project("{8BC9CEB8-8B4A-11D0-8D11-00A0C91BC942}") = "video_processing_sse2", "modules\video_processing_sse2.vcxproj", "{1BB9DC7A-6384-C87A-4A4F-8860F44B3D30}"
EndProject
Project("{8BC9CEB8-8B4A-11D0-8D11-00A0C91BC942}") = "video_render_module", "modules\video_render_module.vcxproj", "{F65762F4-7305-533D-3CB7-FD789E948246}"
EndProject
Project("{8BC9CEB8-8B4A-11D0-8D11-00A0C91BC942}") = "voice_engine", "voice_engine\voice_engine.vcxproj", "{C2AB4CC2-44CF-005A-6CE7-91DB913A4429}"
EndProject
Project("{8BC9CEB8-8B4A-11D0-8D11-00A0C91BC942}") = "webrtc", "webrtc.vcxproj", "{FF7592C3-BCB6-6300-4D32-22D1F31A8C91}"
EndProject
Project("{8BC9CEB8-8B4A-11D0-8D11-00A0C91BC942}") = "webrtc_all", "webrtc_all.vcxproj", "{5DCD823B-FF01-0766-3F9B-3816438B4351}"
	ProjectSection(ProjectDependencies) = postProject
		{94C3F65E-548B-E5D2-6AB2-9BFACE5099FE} = {94C3F65E-548B-E5D2-6AB2-9BFACE5099FE}
		{F730E069-A7AB-114A-9B0C-A12D6547D729} = {F730E069-A7AB-114A-9B0C-A12D6547D729}
		{C78F1F67-4739-08BD-2A1B-E02E1693CCE2} = {C78F1F67-4739-08BD-2A1B-E02E1693CCE2}
		{2E3DBD36-F656-91A8-0671-346D50FBADEB} = {2E3DBD36-F656-91A8-0671-346D50FBADEB}
		{AE89E2A5-DD1E-9B05-C946-F2891DFA8F0F} = {AE89E2A5-DD1E-9B05-C946-F2891DFA8F0F}
		{099A77AC-21E9-FABF-E9AB-5B1D1F3ACC48} = {099A77AC-21E9-FABF-E9AB-5B1D1F3ACC48}
		{E7926B4C-6AEA-CD53-B30F-69B1A19CD447} = {E7926B4C-6AEA-CD53-B30F-69B1A19CD447}
		{BEF152FF-0EFD-E35A-6433-CD378352884A} = {BEF152FF-0EFD-E35A-6433-CD378352884A}
		{C4F969E7-64B5-868A-46D3-DF4169BA347A} = {C4F969E7-64B5-868A-46D3-DF4169BA347A}
		{185A7C02-853C-BCFF-3D6B-078237C3EA31} = {185A7C02-853C-BCFF-3D6B-078237C3EA31}
		{146375DB-C9B9-57F5-E9E9-AFEB55469AE6} = {146375DB-C9B9-57F5-E9E9-AFEB55469AE6}
		{FF10F00D-5702-F3EE-AE79-47BE792E469F} = {FF10F00D-5702-F3EE-AE79-47BE792E469F}
		{83FBAA87-8C2F-C686-777D-B7A828FAD366} = {83FBAA87-8C2F-C686-777D-B7A828FAD366}
		{8C10267F-92E0-7805-97ED-D1B170256868} = {8C10267F-92E0-7805-97ED-D1B170256868}
		{E92D16BA-4645-6C1D-7B47-31F6A52C2DA5} = {E92D16BA-4645-6C1D-7B47-31F6A52C2DA5}
		{C4C0F7B0-ADAF-2021-7F0A-4A6706FB67E9} = {C4C0F7B0-ADAF-2021-7F0A-4A6706FB67E9}
		{0F614437-A5FF-28FC-A906-8E60948FCEE2} = {0F614437-A5FF-28FC-A906-8E60948FCEE2}
		{2B255AD5-EBAB-91CB-8D0B-92A3BD526175} = {2B255AD5-EBAB-91CB-8D0B-92A3BD526175}
		{1E57B008-04C0-0535-2E4E-DA529226AB62} = {1E57B008-04C0-0535-2E4E-DA529226AB62}
		{8CCF4CFA-D21A-2F2C-DCF8-60D76854CB7F} = {8CCF4CFA-D21A-2F2C-DCF8-60D76854CB7F}
		{D35D182D-A4DA-20DF-14FF-2406D59534A4} = {D35D182D-A4DA-20DF-14FF-2406D59534A4}
		{2AC23F40-6DF5-D19C-0C8B-8719E81FC920} = {2AC23F40-6DF5-D19C-0C8B-8719E81FC920}
		{BB6164E8-B627-6EAF-C82B-1714EA080642} = {BB6164E8-B627-6EAF-C82B-1714EA080642}
		{39B697F6-67F5-FD18-A2E0-58EF60E28EFA} = {39B697F6-67F5-FD18-A2E0-58EF60E28EFA}
		{7926A572-70A9-4B57-C65D-D4078AD616BC} = {7926A572-70A9-4B57-C65D-D4078AD616BC}
		{DF017FD2-A394-B251-2D36-562AA40DDD86} = {DF017FD2-A394-B251-2D36-562AA40DDD86}
		{EA9669E6-7C85-7BB3-70A5-5E617E47B2E0} = {EA9669E6-7C85-7BB3-70A5-5E617E47B2E0}
		{0BF31915-67DE-A05E-CD96-CF479A1ABB70} = {0BF31915-67DE-A05E-CD96-CF479A1ABB70}
		{F65762F4-7305-533D-3CB7-FD789E948246} = {F65762F4-7305-533D-3CB7-FD789E948246}
		{2BFE1C94-EA7D-C77A-7D3B-7B019B9DFB7E} = {2BFE1C94-EA7D-C77A-7D3B-7B019B9DFB7E}
		{99767437-45DA-EB55-2AC7-E7457A165319} = {99767437-45DA-EB55-2AC7-E7457A165319}
		{0ED4787F-619F-6A05-A86A-FEF933A6C99A} = {0ED4787F-619F-6A05-A86A-FEF933A6C99A}
		{A9AD89F3-BB87-4C7A-7213-620D03A800E7} = {A9AD89F3-BB87-4C7A-7213-620D03A800E7}
		{1BB9DC7A-6384-C87A-4A4F-8860F44B3D30} = {1BB9DC7A-6384-C87A-4A4F-8860F44B3D30}
		{1AE4BD9F-684A-F06F-23D4-1A47F1947979} = {1AE4BD9F-684A-F06F-23D4-1A47F1947979}
		{93F5B4E9-BEBF-58AB-29DD-352049149181} = {93F5B4E9-BEBF-58AB-29DD-352049149181}
		{C2AB4CC2-44CF-005A-6CE7-91DB913A4429} = {C2AB4CC2-44CF-005A-6CE7-91DB913A4429}
		{26A527F1-6C1F-9475-68DC-A95BFC95FBBD} = {26A527F1-6C1F-9475-68DC-A95BFC95FBBD}
		{FF7592C3-BCB6-6300-4D32-22D1F31A8C91} = {FF7592C3-BCB6-6300-4D32-22D1F31A8C91}
	EndProjectSection
EndProject
Project("{8BC9CEB8-8B4A-11D0-8D11-00A0C91BC942}") = "webrtc_i420", "modules\webrtc_i420.vcxproj", "{7926A572-70A9-4B57-C65D-D4078AD616BC}"
EndProject
Project("{8BC9CEB8-8B4A-11D0-8D11-00A0C91BC942}") = "webrtc_opus", "modules\webrtc_opus.vcxproj", "{2BFE1C94-EA7D-C77A-7D3B-7B019B9DFB7E}"
EndProject
Project("{8BC9CEB8-8B4A-11D0-8D11-00A0C91BC942}") = "webrtc_utility", "modules\webrtc_utility.vcxproj", "{39B697F6-67F5-FD18-A2E0-58EF60E28EFA}"
EndProject
Project("{8BC9CEB8-8B4A-11D0-8D11-00A0C91BC942}") = "webrtc_video_coding", "modules\webrtc_video_coding.vcxproj", "{DF017FD2-A394-B251-2D36-562AA40DDD86}"
EndProject
Project("{8BC9CEB8-8B4A-11D0-8D11-00A0C91BC942}") = "webrtc_vp8", "modules\video_coding\codecs\vp8\webrtc_vp8.vcxproj", "{26A527F1-6C1F-9475-68DC-A95BFC95FBBD}"
EndProject
Project("{8BC9CEB8-8B4A-11D0-8D11-00A0C91BC942}") = "yasm", "..\yasm\yasm.vcxproj", "{4DD5E719-A51B-4B84-DB2D-B7EC428498A3}"
	ProjectSection(ProjectDependencies) = postProject
		{450E00FA-D94A-C224-FD4C-86B762E81856} = {450E00FA-D94A-C224-FD4C-86B762E81856}
		{79E11EC6-9D35-51F4-B78D-D881FFD676ED} = {79E11EC6-9D35-51F4-B78D-D881FFD676ED}
		{72107907-3394-4327-F9C6-D23955202E8B} = {72107907-3394-4327-F9C6-D23955202E8B}
		{DF4AFFEF-4BFA-3483-99C3-77F3A45ADB2D} = {DF4AFFEF-4BFA-3483-99C3-77F3A45ADB2D}
		{F4558B43-8467-F51A-2B7A-341659E15C8D} = {F4558B43-8467-F51A-2B7A-341659E15C8D}
		{E60D57ED-497C-1EEE-5E35-6B78E6C8CC1A} = {E60D57ED-497C-1EEE-5E35-6B78E6C8CC1A}
		{CD85B2A7-E43A-5D27-263D-572F03D0888F} = {CD85B2A7-E43A-5D27-263D-572F03D0888F}
		{66884588-CE0A-F74D-7CE5-2E93AE536B67} = {66884588-CE0A-F74D-7CE5-2E93AE536B67}
	EndProjectSection
EndProject
Global
	GlobalSection(SolutionConfigurationPlatforms) = preSolution
		Release|x64 = Release|x64
		Debug|Win32 = Debug|Win32
		Debug|x64 = Debug|x64
		Release|Win32 = Release|Win32
	EndGlobalSection
	GlobalSection(ProjectConfigurationPlatforms) = postSolution
		{031169C3-09D1-8AEC-52C9-17B82BE0F71A}.Release|x64.ActiveCfg = Release|x64
		{031169C3-09D1-8AEC-52C9-17B82BE0F71A}.Release|x64.Build.0 = Release|x64
		{031169C3-09D1-8AEC-52C9-17B82BE0F71A}.Debug|Win32.ActiveCfg = Debug|Win32
		{031169C3-09D1-8AEC-52C9-17B82BE0F71A}.Debug|Win32.Build.0 = Debug|Win32
		{031169C3-09D1-8AEC-52C9-17B82BE0F71A}.Debug|x64.ActiveCfg = Debug|x64
		{031169C3-09D1-8AEC-52C9-17B82BE0F71A}.Debug|x64.Build.0 = Debug|x64
		{031169C3-09D1-8AEC-52C9-17B82BE0F71A}.Release|Win32.ActiveCfg = Release|Win32
		{031169C3-09D1-8AEC-52C9-17B82BE0F71A}.Release|Win32.Build.0 = Release|Win32
		{099A77AC-21E9-FABF-E9AB-5B1D1F3ACC48}.Release|x64.ActiveCfg = Release|x64
		{099A77AC-21E9-FABF-E9AB-5B1D1F3ACC48}.Release|x64.Build.0 = Release|x64
		{099A77AC-21E9-FABF-E9AB-5B1D1F3ACC48}.Debug|Win32.ActiveCfg = Debug|Win32
		{099A77AC-21E9-FABF-E9AB-5B1D1F3ACC48}.Debug|Win32.Build.0 = Debug|Win32
		{099A77AC-21E9-FABF-E9AB-5B1D1F3ACC48}.Debug|x64.ActiveCfg = Debug|x64
		{099A77AC-21E9-FABF-E9AB-5B1D1F3ACC48}.Debug|x64.Build.0 = Debug|x64
		{099A77AC-21E9-FABF-E9AB-5B1D1F3ACC48}.Release|Win32.ActiveCfg = Release|Win32
		{099A77AC-21E9-FABF-E9AB-5B1D1F3ACC48}.Release|Win32.Build.0 = Release|Win32
		{0BF31915-67DE-A05E-CD96-CF479A1ABB70}.Release|x64.ActiveCfg = Release|x64
		{0BF31915-67DE-A05E-CD96-CF479A1ABB70}.Release|x64.Build.0 = Release|x64
		{0BF31915-67DE-A05E-CD96-CF479A1ABB70}.Debug|Win32.ActiveCfg = Debug|Win32
		{0BF31915-67DE-A05E-CD96-CF479A1ABB70}.Debug|Win32.Build.0 = Debug|Win32
		{0BF31915-67DE-A05E-CD96-CF479A1ABB70}.Debug|x64.ActiveCfg = Debug|x64
		{0BF31915-67DE-A05E-CD96-CF479A1ABB70}.Debug|x64.Build.0 = Debug|x64
		{0BF31915-67DE-A05E-CD96-CF479A1ABB70}.Release|Win32.ActiveCfg = Release|Win32
		{0BF31915-67DE-A05E-CD96-CF479A1ABB70}.Release|Win32.Build.0 = Release|Win32
		{0ED4787F-619F-6A05-A86A-FEF933A6C99A}.Release|x64.ActiveCfg = Release|x64
		{0ED4787F-619F-6A05-A86A-FEF933A6C99A}.Release|x64.Build.0 = Release|x64
		{0ED4787F-619F-6A05-A86A-FEF933A6C99A}.Debug|Win32.ActiveCfg = Debug|Win32
		{0ED4787F-619F-6A05-A86A-FEF933A6C99A}.Debug|Win32.Build.0 = Debug|Win32
		{0ED4787F-619F-6A05-A86A-FEF933A6C99A}.Debug|x64.ActiveCfg = Debug|x64
		{0ED4787F-619F-6A05-A86A-FEF933A6C99A}.Debug|x64.Build.0 = Debug|x64
		{0ED4787F-619F-6A05-A86A-FEF933A6C99A}.Release|Win32.ActiveCfg = Release|Win32
		{0ED4787F-619F-6A05-A86A-FEF933A6C99A}.Release|Win32.Build.0 = Release|Win32
		{0F614437-A5FF-28FC-A906-8E60948FCEE2}.Release|x64.ActiveCfg = Release|x64
		{0F614437-A5FF-28FC-A906-8E60948FCEE2}.Release|x64.Build.0 = Release|x64
		{0F614437-A5FF-28FC-A906-8E60948FCEE2}.Debug|Win32.ActiveCfg = Debug|Win32
		{0F614437-A5FF-28FC-A906-8E60948FCEE2}.Debug|Win32.Build.0 = Debug|Win32
		{0F614437-A5FF-28FC-A906-8E60948FCEE2}.Debug|x64.ActiveCfg = Debug|x64
		{0F614437-A5FF-28FC-A906-8E60948FCEE2}.Debug|x64.Build.0 = Debug|x64
		{0F614437-A5FF-28FC-A906-8E60948FCEE2}.Release|Win32.ActiveCfg = Release|Win32
		{0F614437-A5FF-28FC-A906-8E60948FCEE2}.Release|Win32.Build.0 = Release|Win32
		{146375DB-C9B9-57F5-E9E9-AFEB55469AE6}.Release|x64.ActiveCfg = Release|x64
		{146375DB-C9B9-57F5-E9E9-AFEB55469AE6}.Release|x64.Build.0 = Release|x64
		{146375DB-C9B9-57F5-E9E9-AFEB55469AE6}.Debug|Win32.ActiveCfg = Debug|Win32
		{146375DB-C9B9-57F5-E9E9-AFEB55469AE6}.Debug|Win32.Build.0 = Debug|Win32
		{146375DB-C9B9-57F5-E9E9-AFEB55469AE6}.Debug|x64.ActiveCfg = Debug|x64
		{146375DB-C9B9-57F5-E9E9-AFEB55469AE6}.Debug|x64.Build.0 = Debug|x64
		{146375DB-C9B9-57F5-E9E9-AFEB55469AE6}.Release|Win32.ActiveCfg = Release|Win32
		{146375DB-C9B9-57F5-E9E9-AFEB55469AE6}.Release|Win32.Build.0 = Release|Win32
		{17C656A0-26EF-15D9-CD98-98F5611AE8B3}.Release|x64.ActiveCfg = Release|x64
		{17C656A0-26EF-15D9-CD98-98F5611AE8B3}.Release|x64.Build.0 = Release|x64
		{17C656A0-26EF-15D9-CD98-98F5611AE8B3}.Debug|Win32.ActiveCfg = Debug|Win32
		{17C656A0-26EF-15D9-CD98-98F5611AE8B3}.Debug|Win32.Build.0 = Debug|Win32
		{17C656A0-26EF-15D9-CD98-98F5611AE8B3}.Debug|x64.ActiveCfg = Debug|x64
		{17C656A0-26EF-15D9-CD98-98F5611AE8B3}.Debug|x64.Build.0 = Debug|x64
		{17C656A0-26EF-15D9-CD98-98F5611AE8B3}.Release|Win32.ActiveCfg = Release|Win32
		{17C656A0-26EF-15D9-CD98-98F5611AE8B3}.Release|Win32.Build.0 = Release|Win32
		{185A7C02-853C-BCFF-3D6B-078237C3EA31}.Release|x64.ActiveCfg = Release|x64
		{185A7C02-853C-BCFF-3D6B-078237C3EA31}.Release|x64.Build.0 = Release|x64
		{185A7C02-853C-BCFF-3D6B-078237C3EA31}.Debug|Win32.ActiveCfg = Debug|Win32
		{185A7C02-853C-BCFF-3D6B-078237C3EA31}.Debug|Win32.Build.0 = Debug|Win32
		{185A7C02-853C-BCFF-3D6B-078237C3EA31}.Debug|x64.ActiveCfg = Debug|x64
		{185A7C02-853C-BCFF-3D6B-078237C3EA31}.Debug|x64.Build.0 = Debug|x64
		{185A7C02-853C-BCFF-3D6B-078237C3EA31}.Release|Win32.ActiveCfg = Release|Win32
		{185A7C02-853C-BCFF-3D6B-078237C3EA31}.Release|Win32.Build.0 = Release|Win32
		{1AE4BD9F-684A-F06F-23D4-1A47F1947979}.Release|x64.ActiveCfg = Release|x64
		{1AE4BD9F-684A-F06F-23D4-1A47F1947979}.Release|x64.Build.0 = Release|x64
		{1AE4BD9F-684A-F06F-23D4-1A47F1947979}.Debug|Win32.ActiveCfg = Debug|Win32
		{1AE4BD9F-684A-F06F-23D4-1A47F1947979}.Debug|Win32.Build.0 = Debug|Win32
		{1AE4BD9F-684A-F06F-23D4-1A47F1947979}.Debug|x64.ActiveCfg = Debug|x64
		{1AE4BD9F-684A-F06F-23D4-1A47F1947979}.Debug|x64.Build.0 = Debug|x64
		{1AE4BD9F-684A-F06F-23D4-1A47F1947979}.Release|Win32.ActiveCfg = Release|Win32
		{1AE4BD9F-684A-F06F-23D4-1A47F1947979}.Release|Win32.Build.0 = Release|Win32
		{1BB9DC7A-6384-C87A-4A4F-8860F44B3D30}.Release|x64.ActiveCfg = Release|x64
		{1BB9DC7A-6384-C87A-4A4F-8860F44B3D30}.Release|x64.Build.0 = Release|x64
		{1BB9DC7A-6384-C87A-4A4F-8860F44B3D30}.Debug|Win32.ActiveCfg = Debug|Win32
		{1BB9DC7A-6384-C87A-4A4F-8860F44B3D30}.Debug|Win32.Build.0 = Debug|Win32
		{1BB9DC7A-6384-C87A-4A4F-8860F44B3D30}.Debug|x64.ActiveCfg = Debug|x64
		{1BB9DC7A-6384-C87A-4A4F-8860F44B3D30}.Debug|x64.Build.0 = Debug|x64
		{1BB9DC7A-6384-C87A-4A4F-8860F44B3D30}.Release|Win32.ActiveCfg = Release|Win32
		{1BB9DC7A-6384-C87A-4A4F-8860F44B3D30}.Release|Win32.Build.0 = Release|Win32
		{1E57B008-04C0-0535-2E4E-DA529226AB62}.Release|x64.ActiveCfg = Release|x64
		{1E57B008-04C0-0535-2E4E-DA529226AB62}.Release|x64.Build.0 = Release|x64
		{1E57B008-04C0-0535-2E4E-DA529226AB62}.Debug|Win32.ActiveCfg = Debug|Win32
		{1E57B008-04C0-0535-2E4E-DA529226AB62}.Debug|Win32.Build.0 = Debug|Win32
		{1E57B008-04C0-0535-2E4E-DA529226AB62}.Debug|x64.ActiveCfg = Debug|x64
		{1E57B008-04C0-0535-2E4E-DA529226AB62}.Debug|x64.Build.0 = Debug|x64
		{1E57B008-04C0-0535-2E4E-DA529226AB62}.Release|Win32.ActiveCfg = Release|Win32
		{1E57B008-04C0-0535-2E4E-DA529226AB62}.Release|Win32.Build.0 = Release|Win32
		{1EF7BA70-7393-8505-3C27-521EC9A7AA15}.Release|x64.ActiveCfg = Release|x64
		{1EF7BA70-7393-8505-3C27-521EC9A7AA15}.Release|x64.Build.0 = Release|x64
		{1EF7BA70-7393-8505-3C27-521EC9A7AA15}.Debug|Win32.ActiveCfg = Debug|Win32
		{1EF7BA70-7393-8505-3C27-521EC9A7AA15}.Debug|Win32.Build.0 = Debug|Win32
		{1EF7BA70-7393-8505-3C27-521EC9A7AA15}.Debug|x64.ActiveCfg = Debug|x64
		{1EF7BA70-7393-8505-3C27-521EC9A7AA15}.Debug|x64.Build.0 = Debug|x64
		{1EF7BA70-7393-8505-3C27-521EC9A7AA15}.Release|Win32.ActiveCfg = Release|Win32
		{1EF7BA70-7393-8505-3C27-521EC9A7AA15}.Release|Win32.Build.0 = Release|Win32
		{26A527F1-6C1F-9475-68DC-A95BFC95FBBD}.Release|x64.ActiveCfg = Release|x64
		{26A527F1-6C1F-9475-68DC-A95BFC95FBBD}.Release|x64.Build.0 = Release|x64
		{26A527F1-6C1F-9475-68DC-A95BFC95FBBD}.Debug|Win32.ActiveCfg = Debug|Win32
		{26A527F1-6C1F-9475-68DC-A95BFC95FBBD}.Debug|Win32.Build.0 = Debug|Win32
		{26A527F1-6C1F-9475-68DC-A95BFC95FBBD}.Debug|x64.ActiveCfg = Debug|x64
		{26A527F1-6C1F-9475-68DC-A95BFC95FBBD}.Debug|x64.Build.0 = Debug|x64
		{26A527F1-6C1F-9475-68DC-A95BFC95FBBD}.Release|Win32.ActiveCfg = Release|Win32
		{26A527F1-6C1F-9475-68DC-A95BFC95FBBD}.Release|Win32.Build.0 = Release|Win32
		{29FE02B8-3BCE-B099-3B2C-312C53DDD1B2}.Release|x64.ActiveCfg = Release|x64
		{29FE02B8-3BCE-B099-3B2C-312C53DDD1B2}.Release|x64.Build.0 = Release|x64
		{29FE02B8-3BCE-B099-3B2C-312C53DDD1B2}.Debug|Win32.ActiveCfg = Debug|Win32
		{29FE02B8-3BCE-B099-3B2C-312C53DDD1B2}.Debug|Win32.Build.0 = Debug|Win32
		{29FE02B8-3BCE-B099-3B2C-312C53DDD1B2}.Debug|x64.ActiveCfg = Debug|x64
		{29FE02B8-3BCE-B099-3B2C-312C53DDD1B2}.Debug|x64.Build.0 = Debug|x64
		{29FE02B8-3BCE-B099-3B2C-312C53DDD1B2}.Release|Win32.ActiveCfg = Release|Win32
		{29FE02B8-3BCE-B099-3B2C-312C53DDD1B2}.Release|Win32.Build.0 = Release|Win32
		{2AC23F40-6DF5-D19C-0C8B-8719E81FC920}.Release|x64.ActiveCfg = Release|x64
		{2AC23F40-6DF5-D19C-0C8B-8719E81FC920}.Release|x64.Build.0 = Release|x64
		{2AC23F40-6DF5-D19C-0C8B-8719E81FC920}.Debug|Win32.ActiveCfg = Debug|Win32
		{2AC23F40-6DF5-D19C-0C8B-8719E81FC920}.Debug|Win32.Build.0 = Debug|Win32
		{2AC23F40-6DF5-D19C-0C8B-8719E81FC920}.Debug|x64.ActiveCfg = Debug|x64
		{2AC23F40-6DF5-D19C-0C8B-8719E81FC920}.Debug|x64.Build.0 = Debug|x64
		{2AC23F40-6DF5-D19C-0C8B-8719E81FC920}.Release|Win32.ActiveCfg = Release|Win32
		{2AC23F40-6DF5-D19C-0C8B-8719E81FC920}.Release|Win32.Build.0 = Release|Win32
		{2B255AD5-EBAB-91CB-8D0B-92A3BD526175}.Release|x64.ActiveCfg = Release|x64
		{2B255AD5-EBAB-91CB-8D0B-92A3BD526175}.Release|x64.Build.0 = Release|x64
		{2B255AD5-EBAB-91CB-8D0B-92A3BD526175}.Debug|Win32.ActiveCfg = Debug|Win32
		{2B255AD5-EBAB-91CB-8D0B-92A3BD526175}.Debug|Win32.Build.0 = Debug|Win32
		{2B255AD5-EBAB-91CB-8D0B-92A3BD526175}.Debug|x64.ActiveCfg = Debug|x64
		{2B255AD5-EBAB-91CB-8D0B-92A3BD526175}.Debug|x64.Build.0 = Debug|x64
		{2B255AD5-EBAB-91CB-8D0B-92A3BD526175}.Release|Win32.ActiveCfg = Release|Win32
		{2B255AD5-EBAB-91CB-8D0B-92A3BD526175}.Release|Win32.Build.0 = Release|Win32
		{2BFE1C94-EA7D-C77A-7D3B-7B019B9DFB7E}.Release|x64.ActiveCfg = Release|x64
		{2BFE1C94-EA7D-C77A-7D3B-7B019B9DFB7E}.Release|x64.Build.0 = Release|x64
		{2BFE1C94-EA7D-C77A-7D3B-7B019B9DFB7E}.Debug|Win32.ActiveCfg = Debug|Win32
		{2BFE1C94-EA7D-C77A-7D3B-7B019B9DFB7E}.Debug|Win32.Build.0 = Debug|Win32
		{2BFE1C94-EA7D-C77A-7D3B-7B019B9DFB7E}.Debug|x64.ActiveCfg = Debug|x64
		{2BFE1C94-EA7D-C77A-7D3B-7B019B9DFB7E}.Debug|x64.Build.0 = Debug|x64
		{2BFE1C94-EA7D-C77A-7D3B-7B019B9DFB7E}.Release|Win32.ActiveCfg = Release|Win32
		{2BFE1C94-EA7D-C77A-7D3B-7B019B9DFB7E}.Release|Win32.Build.0 = Release|Win32
		{2E3DBD36-F656-91A8-0671-346D50FBADEB}.Release|x64.ActiveCfg = Release|x64
		{2E3DBD36-F656-91A8-0671-346D50FBADEB}.Release|x64.Build.0 = Release|x64
		{2E3DBD36-F656-91A8-0671-346D50FBADEB}.Debug|Win32.ActiveCfg = Debug|Win32
		{2E3DBD36-F656-91A8-0671-346D50FBADEB}.Debug|Win32.Build.0 = Debug|Win32
		{2E3DBD36-F656-91A8-0671-346D50FBADEB}.Debug|x64.ActiveCfg = Debug|x64
		{2E3DBD36-F656-91A8-0671-346D50FBADEB}.Debug|x64.Build.0 = Debug|x64
		{2E3DBD36-F656-91A8-0671-346D50FBADEB}.Release|Win32.ActiveCfg = Release|Win32
		{2E3DBD36-F656-91A8-0671-346D50FBADEB}.Release|Win32.Build.0 = Release|Win32
		{39B697F6-67F5-FD18-A2E0-58EF60E28EFA}.Release|x64.ActiveCfg = Release|x64
		{39B697F6-67F5-FD18-A2E0-58EF60E28EFA}.Release|x64.Build.0 = Release|x64
		{39B697F6-67F5-FD18-A2E0-58EF60E28EFA}.Debug|Win32.ActiveCfg = Debug|Win32
		{39B697F6-67F5-FD18-A2E0-58EF60E28EFA}.Debug|Win32.Build.0 = Debug|Win32
		{39B697F6-67F5-FD18-A2E0-58EF60E28EFA}.Debug|x64.ActiveCfg = Debug|x64
		{39B697F6-67F5-FD18-A2E0-58EF60E28EFA}.Debug|x64.Build.0 = Debug|x64
		{39B697F6-67F5-FD18-A2E0-58EF60E28EFA}.Release|Win32.ActiveCfg = Release|Win32
		{39B697F6-67F5-FD18-A2E0-58EF60E28EFA}.Release|Win32.Build.0 = Release|Win32
		{3FFAEEE0-4022-349D-FFBB-80B6FDF77CC9}.Release|x64.ActiveCfg = Release|x64
		{3FFAEEE0-4022-349D-FFBB-80B6FDF77CC9}.Release|x64.Build.0 = Release|x64
		{3FFAEEE0-4022-349D-FFBB-80B6FDF77CC9}.Debug|Win32.ActiveCfg = Debug|Win32
		{3FFAEEE0-4022-349D-FFBB-80B6FDF77CC9}.Debug|Win32.Build.0 = Debug|Win32
		{3FFAEEE0-4022-349D-FFBB-80B6FDF77CC9}.Debug|x64.ActiveCfg = Debug|x64
		{3FFAEEE0-4022-349D-FFBB-80B6FDF77CC9}.Debug|x64.Build.0 = Debug|x64
		{3FFAEEE0-4022-349D-FFBB-80B6FDF77CC9}.Release|Win32.ActiveCfg = Release|Win32
		{3FFAEEE0-4022-349D-FFBB-80B6FDF77CC9}.Release|Win32.Build.0 = Release|Win32
		{450E00FA-D94A-C224-FD4C-86B762E81856}.Release|x64.ActiveCfg = Release|x64
		{450E00FA-D94A-C224-FD4C-86B762E81856}.Release|x64.Build.0 = Release|x64
		{450E00FA-D94A-C224-FD4C-86B762E81856}.Debug|Win32.ActiveCfg = Debug|Win32
		{450E00FA-D94A-C224-FD4C-86B762E81856}.Debug|Win32.Build.0 = Debug|Win32
		{450E00FA-D94A-C224-FD4C-86B762E81856}.Debug|x64.ActiveCfg = Debug|x64
		{450E00FA-D94A-C224-FD4C-86B762E81856}.Debug|x64.Build.0 = Debug|x64
		{450E00FA-D94A-C224-FD4C-86B762E81856}.Release|Win32.ActiveCfg = Release|Win32
		{450E00FA-D94A-C224-FD4C-86B762E81856}.Release|Win32.Build.0 = Release|Win32
		{4DD5E719-A51B-4B84-DB2D-B7EC428498A3}.Release|x64.ActiveCfg = Release|x64
		{4DD5E719-A51B-4B84-DB2D-B7EC428498A3}.Release|x64.Build.0 = Release|x64
		{4DD5E719-A51B-4B84-DB2D-B7EC428498A3}.Debug|Win32.ActiveCfg = Debug|Win32
		{4DD5E719-A51B-4B84-DB2D-B7EC428498A3}.Debug|Win32.Build.0 = Debug|Win32
		{4DD5E719-A51B-4B84-DB2D-B7EC428498A3}.Debug|x64.ActiveCfg = Debug|x64
		{4DD5E719-A51B-4B84-DB2D-B7EC428498A3}.Debug|x64.Build.0 = Debug|x64
		{4DD5E719-A51B-4B84-DB2D-B7EC428498A3}.Release|Win32.ActiveCfg = Release|Win32
		{4DD5E719-A51B-4B84-DB2D-B7EC428498A3}.Release|Win32.Build.0 = Release|Win32
		{4F489D8C-9A3E-5BA2-3751-CA90A4E2CD39}.Release|x64.ActiveCfg = Release|x64
		{4F489D8C-9A3E-5BA2-3751-CA90A4E2CD39}.Release|x64.Build.0 = Release|x64
		{4F489D8C-9A3E-5BA2-3751-CA90A4E2CD39}.Debug|Win32.ActiveCfg = Debug|Win32
		{4F489D8C-9A3E-5BA2-3751-CA90A4E2CD39}.Debug|Win32.Build.0 = Debug|Win32
		{4F489D8C-9A3E-5BA2-3751-CA90A4E2CD39}.Debug|x64.ActiveCfg = Debug|x64
		{4F489D8C-9A3E-5BA2-3751-CA90A4E2CD39}.Debug|x64.Build.0 = Debug|x64
		{4F489D8C-9A3E-5BA2-3751-CA90A4E2CD39}.Release|Win32.ActiveCfg = Release|Win32
		{4F489D8C-9A3E-5BA2-3751-CA90A4E2CD39}.Release|Win32.Build.0 = Release|Win32
		{59AE9B49-7D3A-B829-BD9D-B35923734432}.Release|x64.ActiveCfg = Release|x64
		{59AE9B49-7D3A-B829-BD9D-B35923734432}.Release|x64.Build.0 = Release|x64
		{59AE9B49-7D3A-B829-BD9D-B35923734432}.Debug|Win32.ActiveCfg = Debug|Win32
		{59AE9B49-7D3A-B829-BD9D-B35923734432}.Debug|Win32.Build.0 = Debug|Win32
		{59AE9B49-7D3A-B829-BD9D-B35923734432}.Debug|x64.ActiveCfg = Debug|x64
		{59AE9B49-7D3A-B829-BD9D-B35923734432}.Debug|x64.Build.0 = Debug|x64
		{59AE9B49-7D3A-B829-BD9D-B35923734432}.Release|Win32.ActiveCfg = Release|Win32
		{59AE9B49-7D3A-B829-BD9D-B35923734432}.Release|Win32.Build.0 = Release|Win32
		{5DCD823B-FF01-0766-3F9B-3816438B4351}.Release|x64.ActiveCfg = Release|x64
		{5DCD823B-FF01-0766-3F9B-3816438B4351}.Release|x64.Build.0 = Release|x64
		{5DCD823B-FF01-0766-3F9B-3816438B4351}.Debug|Win32.ActiveCfg = Debug|Win32
		{5DCD823B-FF01-0766-3F9B-3816438B4351}.Debug|Win32.Build.0 = Debug|Win32
		{5DCD823B-FF01-0766-3F9B-3816438B4351}.Debug|x64.ActiveCfg = Debug|x64
		{5DCD823B-FF01-0766-3F9B-3816438B4351}.Debug|x64.Build.0 = Debug|x64
		{5DCD823B-FF01-0766-3F9B-3816438B4351}.Release|Win32.ActiveCfg = Release|Win32
		{5DCD823B-FF01-0766-3F9B-3816438B4351}.Release|Win32.Build.0 = Release|Win32
		{66884588-CE0A-F74D-7CE5-2E93AE536B67}.Release|x64.ActiveCfg = Release|x64
		{66884588-CE0A-F74D-7CE5-2E93AE536B67}.Release|x64.Build.0 = Release|x64
		{66884588-CE0A-F74D-7CE5-2E93AE536B67}.Debug|Win32.ActiveCfg = Debug|Win32
		{66884588-CE0A-F74D-7CE5-2E93AE536B67}.Debug|Win32.Build.0 = Debug|Win32
		{66884588-CE0A-F74D-7CE5-2E93AE536B67}.Debug|x64.ActiveCfg = Debug|x64
		{66884588-CE0A-F74D-7CE5-2E93AE536B67}.Debug|x64.Build.0 = Debug|x64
		{66884588-CE0A-F74D-7CE5-2E93AE536B67}.Release|Win32.ActiveCfg = Release|Win32
		{66884588-CE0A-F74D-7CE5-2E93AE536B67}.Release|Win32.Build.0 = Release|Win32
		{72107907-3394-4327-F9C6-D23955202E8B}.Release|x64.ActiveCfg = Release|x64
		{72107907-3394-4327-F9C6-D23955202E8B}.Release|x64.Build.0 = Release|x64
		{72107907-3394-4327-F9C6-D23955202E8B}.Debug|Win32.ActiveCfg = Debug|Win32
		{72107907-3394-4327-F9C6-D23955202E8B}.Debug|Win32.Build.0 = Debug|Win32
		{72107907-3394-4327-F9C6-D23955202E8B}.Debug|x64.ActiveCfg = Debug|x64
		{72107907-3394-4327-F9C6-D23955202E8B}.Debug|x64.Build.0 = Debug|x64
		{72107907-3394-4327-F9C6-D23955202E8B}.Release|Win32.ActiveCfg = Release|Win32
		{72107907-3394-4327-F9C6-D23955202E8B}.Release|Win32.Build.0 = Release|Win32
		{7926A572-70A9-4B57-C65D-D4078AD616BC}.Release|x64.ActiveCfg = Release|x64
		{7926A572-70A9-4B57-C65D-D4078AD616BC}.Release|x64.Build.0 = Release|x64
		{7926A572-70A9-4B57-C65D-D4078AD616BC}.Debug|Win32.ActiveCfg = Debug|Win32
		{7926A572-70A9-4B57-C65D-D4078AD616BC}.Debug|Win32.Build.0 = Debug|Win32
		{7926A572-70A9-4B57-C65D-D4078AD616BC}.Debug|x64.ActiveCfg = Debug|x64
		{7926A572-70A9-4B57-C65D-D4078AD616BC}.Debug|x64.Build.0 = Debug|x64
		{7926A572-70A9-4B57-C65D-D4078AD616BC}.Release|Win32.ActiveCfg = Release|Win32
		{7926A572-70A9-4B57-C65D-D4078AD616BC}.Release|Win32.Build.0 = Release|Win32
		{79E11EC6-9D35-51F4-B78D-D881FFD676ED}.Release|x64.ActiveCfg = Release|x64
		{79E11EC6-9D35-51F4-B78D-D881FFD676ED}.Release|x64.Build.0 = Release|x64
		{79E11EC6-9D35-51F4-B78D-D881FFD676ED}.Debug|Win32.ActiveCfg = Debug|Win32
		{79E11EC6-9D35-51F4-B78D-D881FFD676ED}.Debug|Win32.Build.0 = Debug|Win32
		{79E11EC6-9D35-51F4-B78D-D881FFD676ED}.Debug|x64.ActiveCfg = Debug|x64
		{79E11EC6-9D35-51F4-B78D-D881FFD676ED}.Debug|x64.Build.0 = Debug|x64
		{79E11EC6-9D35-51F4-B78D-D881FFD676ED}.Release|Win32.ActiveCfg = Release|Win32
		{79E11EC6-9D35-51F4-B78D-D881FFD676ED}.Release|Win32.Build.0 = Release|Win32
		{83FBAA87-8C2F-C686-777D-B7A828FAD366}.Release|x64.ActiveCfg = Release|x64
		{83FBAA87-8C2F-C686-777D-B7A828FAD366}.Release|x64.Build.0 = Release|x64
		{83FBAA87-8C2F-C686-777D-B7A828FAD366}.Debug|Win32.ActiveCfg = Debug|Win32
		{83FBAA87-8C2F-C686-777D-B7A828FAD366}.Debug|Win32.Build.0 = Debug|Win32
		{83FBAA87-8C2F-C686-777D-B7A828FAD366}.Debug|x64.ActiveCfg = Debug|x64
		{83FBAA87-8C2F-C686-777D-B7A828FAD366}.Debug|x64.Build.0 = Debug|x64
		{83FBAA87-8C2F-C686-777D-B7A828FAD366}.Release|Win32.ActiveCfg = Release|Win32
		{83FBAA87-8C2F-C686-777D-B7A828FAD366}.Release|Win32.Build.0 = Release|Win32
		{8C10267F-92E0-7805-97ED-D1B170256868}.Release|x64.ActiveCfg = Release|x64
		{8C10267F-92E0-7805-97ED-D1B170256868}.Release|x64.Build.0 = Release|x64
		{8C10267F-92E0-7805-97ED-D1B170256868}.Debug|Win32.ActiveCfg = Debug|Win32
		{8C10267F-92E0-7805-97ED-D1B170256868}.Debug|Win32.Build.0 = Debug|Win32
		{8C10267F-92E0-7805-97ED-D1B170256868}.Debug|x64.ActiveCfg = Debug|x64
		{8C10267F-92E0-7805-97ED-D1B170256868}.Debug|x64.Build.0 = Debug|x64
		{8C10267F-92E0-7805-97ED-D1B170256868}.Release|Win32.ActiveCfg = Release|Win32
		{8C10267F-92E0-7805-97ED-D1B170256868}.Release|Win32.Build.0 = Release|Win32
		{8C160D13-20E0-A530-24A9-55D348DDE638}.Release|x64.ActiveCfg = Release|x64
		{8C160D13-20E0-A530-24A9-55D348DDE638}.Release|x64.Build.0 = Release|x64
		{8C160D13-20E0-A530-24A9-55D348DDE638}.Debug|Win32.ActiveCfg = Debug|Win32
		{8C160D13-20E0-A530-24A9-55D348DDE638}.Debug|Win32.Build.0 = Debug|Win32
		{8C160D13-20E0-A530-24A9-55D348DDE638}.Debug|x64.ActiveCfg = Debug|x64
		{8C160D13-20E0-A530-24A9-55D348DDE638}.Debug|x64.Build.0 = Debug|x64
		{8C160D13-20E0-A530-24A9-55D348DDE638}.Release|Win32.ActiveCfg = Release|Win32
		{8C160D13-20E0-A530-24A9-55D348DDE638}.Release|Win32.Build.0 = Release|Win32
		{8CCF4CFA-D21A-2F2C-DCF8-60D76854CB7F}.Release|x64.ActiveCfg = Release|x64
		{8CCF4CFA-D21A-2F2C-DCF8-60D76854CB7F}.Release|x64.Build.0 = Release|x64
		{8CCF4CFA-D21A-2F2C-DCF8-60D76854CB7F}.Debug|Win32.ActiveCfg = Debug|Win32
		{8CCF4CFA-D21A-2F2C-DCF8-60D76854CB7F}.Debug|Win32.Build.0 = Debug|Win32
		{8CCF4CFA-D21A-2F2C-DCF8-60D76854CB7F}.Debug|x64.ActiveCfg = Debug|x64
		{8CCF4CFA-D21A-2F2C-DCF8-60D76854CB7F}.Debug|x64.Build.0 = Debug|x64
		{8CCF4CFA-D21A-2F2C-DCF8-60D76854CB7F}.Release|Win32.ActiveCfg = Release|Win32
		{8CCF4CFA-D21A-2F2C-DCF8-60D76854CB7F}.Release|Win32.Build.0 = Release|Win32
		{92D28FDE-22C4-327C-6F38-E052B0ACD578}.Release|x64.ActiveCfg = Release|x64
		{92D28FDE-22C4-327C-6F38-E052B0ACD578}.Release|x64.Build.0 = Release|x64
		{92D28FDE-22C4-327C-6F38-E052B0ACD578}.Debug|Win32.ActiveCfg = Debug|Win32
		{92D28FDE-22C4-327C-6F38-E052B0ACD578}.Debug|Win32.Build.0 = Debug|Win32
		{92D28FDE-22C4-327C-6F38-E052B0ACD578}.Debug|x64.ActiveCfg = Debug|x64
		{92D28FDE-22C4-327C-6F38-E052B0ACD578}.Debug|x64.Build.0 = Debug|x64
		{92D28FDE-22C4-327C-6F38-E052B0ACD578}.Release|Win32.ActiveCfg = Release|Win32
		{92D28FDE-22C4-327C-6F38-E052B0ACD578}.Release|Win32.Build.0 = Release|Win32
		{93F5B4E9-BEBF-58AB-29DD-352049149181}.Release|x64.ActiveCfg = Release|x64
		{93F5B4E9-BEBF-58AB-29DD-352049149181}.Release|x64.Build.0 = Release|x64
		{93F5B4E9-BEBF-58AB-29DD-352049149181}.Debug|Win32.ActiveCfg = Debug|Win32
		{93F5B4E9-BEBF-58AB-29DD-352049149181}.Debug|Win32.Build.0 = Debug|Win32
		{93F5B4E9-BEBF-58AB-29DD-352049149181}.Debug|x64.ActiveCfg = Debug|x64
		{93F5B4E9-BEBF-58AB-29DD-352049149181}.Debug|x64.Build.0 = Debug|x64
		{93F5B4E9-BEBF-58AB-29DD-352049149181}.Release|Win32.ActiveCfg = Release|Win32
		{93F5B4E9-BEBF-58AB-29DD-352049149181}.Release|Win32.Build.0 = Release|Win32
		{94C3F65E-548B-E5D2-6AB2-9BFACE5099FE}.Release|x64.ActiveCfg = Release|x64
		{94C3F65E-548B-E5D2-6AB2-9BFACE5099FE}.Release|x64.Build.0 = Release|x64
		{94C3F65E-548B-E5D2-6AB2-9BFACE5099FE}.Debug|Win32.ActiveCfg = Debug|Win32
		{94C3F65E-548B-E5D2-6AB2-9BFACE5099FE}.Debug|Win32.Build.0 = Debug|Win32
		{94C3F65E-548B-E5D2-6AB2-9BFACE5099FE}.Debug|x64.ActiveCfg = Debug|x64
		{94C3F65E-548B-E5D2-6AB2-9BFACE5099FE}.Debug|x64.Build.0 = Debug|x64
		{94C3F65E-548B-E5D2-6AB2-9BFACE5099FE}.Release|Win32.ActiveCfg = Release|Win32
		{94C3F65E-548B-E5D2-6AB2-9BFACE5099FE}.Release|Win32.Build.0 = Release|Win32
		{98C4C46F-2138-AB65-A966-7CF5050E9A36}.Release|x64.ActiveCfg = Release|x64
		{98C4C46F-2138-AB65-A966-7CF5050E9A36}.Release|x64.Build.0 = Release|x64
		{98C4C46F-2138-AB65-A966-7CF5050E9A36}.Debug|Win32.ActiveCfg = Debug|Win32
		{98C4C46F-2138-AB65-A966-7CF5050E9A36}.Debug|Win32.Build.0 = Debug|Win32
		{98C4C46F-2138-AB65-A966-7CF5050E9A36}.Debug|x64.ActiveCfg = Debug|x64
		{98C4C46F-2138-AB65-A966-7CF5050E9A36}.Debug|x64.Build.0 = Debug|x64
		{98C4C46F-2138-AB65-A966-7CF5050E9A36}.Release|Win32.ActiveCfg = Release|Win32
		{98C4C46F-2138-AB65-A966-7CF5050E9A36}.Release|Win32.Build.0 = Release|Win32
		{99767437-45DA-EB55-2AC7-E7457A165319}.Release|x64.ActiveCfg = Release|x64
		{99767437-45DA-EB55-2AC7-E7457A165319}.Release|x64.Build.0 = Release|x64
		{99767437-45DA-EB55-2AC7-E7457A165319}.Debug|Win32.ActiveCfg = Debug|Win32
		{99767437-45DA-EB55-2AC7-E7457A165319}.Debug|Win32.Build.0 = Debug|Win32
		{99767437-45DA-EB55-2AC7-E7457A165319}.Debug|x64.ActiveCfg = Debug|x64
		{99767437-45DA-EB55-2AC7-E7457A165319}.Debug|x64.Build.0 = Debug|x64
		{99767437-45DA-EB55-2AC7-E7457A165319}.Release|Win32.ActiveCfg = Release|Win32
		{99767437-45DA-EB55-2AC7-E7457A165319}.Release|Win32.Build.0 = Release|Win32
		{A9AD89F3-BB87-4C7A-7213-620D03A800E7}.Release|x64.ActiveCfg = Release|x64
		{A9AD89F3-BB87-4C7A-7213-620D03A800E7}.Release|x64.Build.0 = Release|x64
		{A9AD89F3-BB87-4C7A-7213-620D03A800E7}.Debug|Win32.ActiveCfg = Debug|Win32
		{A9AD89F3-BB87-4C7A-7213-620D03A800E7}.Debug|Win32.Build.0 = Debug|Win32
		{A9AD89F3-BB87-4C7A-7213-620D03A800E7}.Debug|x64.ActiveCfg = Debug|x64
		{A9AD89F3-BB87-4C7A-7213-620D03A800E7}.Debug|x64.Build.0 = Debug|x64
		{A9AD89F3-BB87-4C7A-7213-620D03A800E7}.Release|Win32.ActiveCfg = Release|Win32
		{A9AD89F3-BB87-4C7A-7213-620D03A800E7}.Release|Win32.Build.0 = Release|Win32
		{AE89E2A5-DD1E-9B05-C946-F2891DFA8F0F}.Release|x64.ActiveCfg = Release|x64
		{AE89E2A5-DD1E-9B05-C946-F2891DFA8F0F}.Release|x64.Build.0 = Release|x64
		{AE89E2A5-DD1E-9B05-C946-F2891DFA8F0F}.Debug|Win32.ActiveCfg = Debug|Win32
		{AE89E2A5-DD1E-9B05-C946-F2891DFA8F0F}.Debug|Win32.Build.0 = Debug|Win32
		{AE89E2A5-DD1E-9B05-C946-F2891DFA8F0F}.Debug|x64.ActiveCfg = Debug|x64
		{AE89E2A5-DD1E-9B05-C946-F2891DFA8F0F}.Debug|x64.Build.0 = Debug|x64
		{AE89E2A5-DD1E-9B05-C946-F2891DFA8F0F}.Release|Win32.ActiveCfg = Release|Win32
		{AE89E2A5-DD1E-9B05-C946-F2891DFA8F0F}.Release|Win32.Build.0 = Release|Win32
		{BB6164E8-B627-6EAF-C82B-1714EA080642}.Release|x64.ActiveCfg = Release|x64
		{BB6164E8-B627-6EAF-C82B-1714EA080642}.Release|x64.Build.0 = Release|x64
		{BB6164E8-B627-6EAF-C82B-1714EA080642}.Debug|Win32.ActiveCfg = Debug|Win32
		{BB6164E8-B627-6EAF-C82B-1714EA080642}.Debug|Win32.Build.0 = Debug|Win32
		{BB6164E8-B627-6EAF-C82B-1714EA080642}.Debug|x64.ActiveCfg = Debug|x64
		{BB6164E8-B627-6EAF-C82B-1714EA080642}.Debug|x64.Build.0 = Debug|x64
		{BB6164E8-B627-6EAF-C82B-1714EA080642}.Release|Win32.ActiveCfg = Release|Win32
		{BB6164E8-B627-6EAF-C82B-1714EA080642}.Release|Win32.Build.0 = Release|Win32
		{BEF152FF-0EFD-E35A-6433-CD378352884A}.Release|x64.ActiveCfg = Release|x64
		{BEF152FF-0EFD-E35A-6433-CD378352884A}.Release|x64.Build.0 = Release|x64
		{BEF152FF-0EFD-E35A-6433-CD378352884A}.Debug|Win32.ActiveCfg = Debug|Win32
		{BEF152FF-0EFD-E35A-6433-CD378352884A}.Debug|Win32.Build.0 = Debug|Win32
		{BEF152FF-0EFD-E35A-6433-CD378352884A}.Debug|x64.ActiveCfg = Debug|x64
		{BEF152FF-0EFD-E35A-6433-CD378352884A}.Debug|x64.Build.0 = Debug|x64
		{BEF152FF-0EFD-E35A-6433-CD378352884A}.Release|Win32.ActiveCfg = Release|Win32
		{BEF152FF-0EFD-E35A-6433-CD378352884A}.Release|Win32.Build.0 = Release|Win32
		{C2AB4CC2-44CF-005A-6CE7-91DB913A4429}.Release|x64.ActiveCfg = Release|x64
		{C2AB4CC2-44CF-005A-6CE7-91DB913A4429}.Release|x64.Build.0 = Release|x64
		{C2AB4CC2-44CF-005A-6CE7-91DB913A4429}.Debug|Win32.ActiveCfg = Debug|Win32
		{C2AB4CC2-44CF-005A-6CE7-91DB913A4429}.Debug|Win32.Build.0 = Debug|Win32
		{C2AB4CC2-44CF-005A-6CE7-91DB913A4429}.Debug|x64.ActiveCfg = Debug|x64
		{C2AB4CC2-44CF-005A-6CE7-91DB913A4429}.Debug|x64.Build.0 = Debug|x64
		{C2AB4CC2-44CF-005A-6CE7-91DB913A4429}.Release|Win32.ActiveCfg = Release|Win32
		{C2AB4CC2-44CF-005A-6CE7-91DB913A4429}.Release|Win32.Build.0 = Release|Win32
		{C4C0F7B0-ADAF-2021-7F0A-4A6706FB67E9}.Release|x64.ActiveCfg = Release|x64
		{C4C0F7B0-ADAF-2021-7F0A-4A6706FB67E9}.Release|x64.Build.0 = Release|x64
		{C4C0F7B0-ADAF-2021-7F0A-4A6706FB67E9}.Debug|Win32.ActiveCfg = Debug|Win32
		{C4C0F7B0-ADAF-2021-7F0A-4A6706FB67E9}.Debug|Win32.Build.0 = Debug|Win32
		{C4C0F7B0-ADAF-2021-7F0A-4A6706FB67E9}.Debug|x64.ActiveCfg = Debug|x64
		{C4C0F7B0-ADAF-2021-7F0A-4A6706FB67E9}.Debug|x64.Build.0 = Debug|x64
		{C4C0F7B0-ADAF-2021-7F0A-4A6706FB67E9}.Release|Win32.ActiveCfg = Release|Win32
		{C4C0F7B0-ADAF-2021-7F0A-4A6706FB67E9}.Release|Win32.Build.0 = Release|Win32
		{C4F969E7-64B5-868A-46D3-DF4169BA347A}.Release|x64.ActiveCfg = Release|x64
		{C4F969E7-64B5-868A-46D3-DF4169BA347A}.Release|x64.Build.0 = Release|x64
		{C4F969E7-64B5-868A-46D3-DF4169BA347A}.Debug|Win32.ActiveCfg = Debug|Win32
		{C4F969E7-64B5-868A-46D3-DF4169BA347A}.Debug|Win32.Build.0 = Debug|Win32
		{C4F969E7-64B5-868A-46D3-DF4169BA347A}.Debug|x64.ActiveCfg = Debug|x64
		{C4F969E7-64B5-868A-46D3-DF4169BA347A}.Debug|x64.Build.0 = Debug|x64
		{C4F969E7-64B5-868A-46D3-DF4169BA347A}.Release|Win32.ActiveCfg = Release|Win32
		{C4F969E7-64B5-868A-46D3-DF4169BA347A}.Release|Win32.Build.0 = Release|Win32
		{C77FBD5E-961D-28C8-02F4-F77C3D73B0C1}.Release|x64.ActiveCfg = Release|x64
		{C77FBD5E-961D-28C8-02F4-F77C3D73B0C1}.Release|x64.Build.0 = Release|x64
		{C77FBD5E-961D-28C8-02F4-F77C3D73B0C1}.Debug|Win32.ActiveCfg = Debug|Win32
		{C77FBD5E-961D-28C8-02F4-F77C3D73B0C1}.Debug|Win32.Build.0 = Debug|Win32
		{C77FBD5E-961D-28C8-02F4-F77C3D73B0C1}.Debug|x64.ActiveCfg = Debug|x64
		{C77FBD5E-961D-28C8-02F4-F77C3D73B0C1}.Debug|x64.Build.0 = Debug|x64
		{C77FBD5E-961D-28C8-02F4-F77C3D73B0C1}.Release|Win32.ActiveCfg = Release|Win32
		{C77FBD5E-961D-28C8-02F4-F77C3D73B0C1}.Release|Win32.Build.0 = Release|Win32
		{C78F1F67-4739-08BD-2A1B-E02E1693CCE2}.Release|x64.ActiveCfg = Release|x64
		{C78F1F67-4739-08BD-2A1B-E02E1693CCE2}.Release|x64.Build.0 = Release|x64
		{C78F1F67-4739-08BD-2A1B-E02E1693CCE2}.Debug|Win32.ActiveCfg = Debug|Win32
		{C78F1F67-4739-08BD-2A1B-E02E1693CCE2}.Debug|Win32.Build.0 = Debug|Win32
		{C78F1F67-4739-08BD-2A1B-E02E1693CCE2}.Debug|x64.ActiveCfg = Debug|x64
		{C78F1F67-4739-08BD-2A1B-E02E1693CCE2}.Debug|x64.Build.0 = Debug|x64
		{C78F1F67-4739-08BD-2A1B-E02E1693CCE2}.Release|Win32.ActiveCfg = Release|Win32
		{C78F1F67-4739-08BD-2A1B-E02E1693CCE2}.Release|Win32.Build.0 = Release|Win32
		{CD85B2A7-E43A-5D27-263D-572F03D0888F}.Release|x64.ActiveCfg = Release|x64
		{CD85B2A7-E43A-5D27-263D-572F03D0888F}.Release|x64.Build.0 = Release|x64
		{CD85B2A7-E43A-5D27-263D-572F03D0888F}.Debug|Win32.ActiveCfg = Debug|Win32
		{CD85B2A7-E43A-5D27-263D-572F03D0888F}.Debug|Win32.Build.0 = Debug|Win32
		{CD85B2A7-E43A-5D27-263D-572F03D0888F}.Debug|x64.ActiveCfg = Debug|x64
		{CD85B2A7-E43A-5D27-263D-572F03D0888F}.Debug|x64.Build.0 = Debug|x64
		{CD85B2A7-E43A-5D27-263D-572F03D0888F}.Release|Win32.ActiveCfg = Release|Win32
		{CD85B2A7-E43A-5D27-263D-572F03D0888F}.Release|Win32.Build.0 = Release|Win32
		{D35D182D-A4DA-20DF-14FF-2406D59534A4}.Release|x64.ActiveCfg = Release|x64
		{D35D182D-A4DA-20DF-14FF-2406D59534A4}.Release|x64.Build.0 = Release|x64
		{D35D182D-A4DA-20DF-14FF-2406D59534A4}.Debug|Win32.ActiveCfg = Debug|Win32
		{D35D182D-A4DA-20DF-14FF-2406D59534A4}.Debug|Win32.Build.0 = Debug|Win32
		{D35D182D-A4DA-20DF-14FF-2406D59534A4}.Debug|x64.ActiveCfg = Debug|x64
		{D35D182D-A4DA-20DF-14FF-2406D59534A4}.Debug|x64.Build.0 = Debug|x64
		{D35D182D-A4DA-20DF-14FF-2406D59534A4}.Release|Win32.ActiveCfg = Release|Win32
		{D35D182D-A4DA-20DF-14FF-2406D59534A4}.Release|Win32.Build.0 = Release|Win32
		{D8DEEF1A-3301-C556-D46C-370D281EBF81}.Release|x64.ActiveCfg = Release|x64
		{D8DEEF1A-3301-C556-D46C-370D281EBF81}.Release|x64.Build.0 = Release|x64
		{D8DEEF1A-3301-C556-D46C-370D281EBF81}.Debug|Win32.ActiveCfg = Debug|Win32
		{D8DEEF1A-3301-C556-D46C-370D281EBF81}.Debug|Win32.Build.0 = Debug|Win32
		{D8DEEF1A-3301-C556-D46C-370D281EBF81}.Debug|x64.ActiveCfg = Debug|x64
		{D8DEEF1A-3301-C556-D46C-370D281EBF81}.Debug|x64.Build.0 = Debug|x64
		{D8DEEF1A-3301-C556-D46C-370D281EBF81}.Release|Win32.ActiveCfg = Release|Win32
		{D8DEEF1A-3301-C556-D46C-370D281EBF81}.Release|Win32.Build.0 = Release|Win32
		{D8ECA65B-F16D-4518-7238-14A624F8E6A2}.Release|x64.ActiveCfg = Release|x64
		{D8ECA65B-F16D-4518-7238-14A624F8E6A2}.Release|x64.Build.0 = Release|x64
		{D8ECA65B-F16D-4518-7238-14A624F8E6A2}.Debug|Win32.ActiveCfg = Debug|Win32
		{D8ECA65B-F16D-4518-7238-14A624F8E6A2}.Debug|Win32.Build.0 = Debug|Win32
		{D8ECA65B-F16D-4518-7238-14A624F8E6A2}.Debug|x64.ActiveCfg = Debug|x64
		{D8ECA65B-F16D-4518-7238-14A624F8E6A2}.Debug|x64.Build.0 = Debug|x64
		{D8ECA65B-F16D-4518-7238-14A624F8E6A2}.Release|Win32.ActiveCfg = Release|Win32
		{D8ECA65B-F16D-4518-7238-14A624F8E6A2}.Release|Win32.Build.0 = Release|Win32
		{DB754D36-AF9A-E2D7-B9F1-1D6B46CACC78}.Release|x64.ActiveCfg = Release|x64
		{DB754D36-AF9A-E2D7-B9F1-1D6B46CACC78}.Release|x64.Build.0 = Release|x64
		{DB754D36-AF9A-E2D7-B9F1-1D6B46CACC78}.Debug|Win32.ActiveCfg = Debug|Win32
		{DB754D36-AF9A-E2D7-B9F1-1D6B46CACC78}.Debug|Win32.Build.0 = Debug|Win32
		{DB754D36-AF9A-E2D7-B9F1-1D6B46CACC78}.Debug|x64.ActiveCfg = Debug|x64
		{DB754D36-AF9A-E2D7-B9F1-1D6B46CACC78}.Debug|x64.Build.0 = Debug|x64
		{DB754D36-AF9A-E2D7-B9F1-1D6B46CACC78}.Release|Win32.ActiveCfg = Release|Win32
		{DB754D36-AF9A-E2D7-B9F1-1D6B46CACC78}.Release|Win32.Build.0 = Release|Win32
		{DF017FD2-A394-B251-2D36-562AA40DDD86}.Release|x64.ActiveCfg = Release|x64
		{DF017FD2-A394-B251-2D36-562AA40DDD86}.Release|x64.Build.0 = Release|x64
		{DF017FD2-A394-B251-2D36-562AA40DDD86}.Debug|Win32.ActiveCfg = Debug|Win32
		{DF017FD2-A394-B251-2D36-562AA40DDD86}.Debug|Win32.Build.0 = Debug|Win32
		{DF017FD2-A394-B251-2D36-562AA40DDD86}.Debug|x64.ActiveCfg = Debug|x64
		{DF017FD2-A394-B251-2D36-562AA40DDD86}.Debug|x64.Build.0 = Debug|x64
		{DF017FD2-A394-B251-2D36-562AA40DDD86}.Release|Win32.ActiveCfg = Release|Win32
		{DF017FD2-A394-B251-2D36-562AA40DDD86}.Release|Win32.Build.0 = Release|Win32
		{DF4AFFEF-4BFA-3483-99C3-77F3A45ADB2D}.Release|x64.ActiveCfg = Release|x64
		{DF4AFFEF-4BFA-3483-99C3-77F3A45ADB2D}.Release|x64.Build.0 = Release|x64
		{DF4AFFEF-4BFA-3483-99C3-77F3A45ADB2D}.Debug|Win32.ActiveCfg = Debug|Win32
		{DF4AFFEF-4BFA-3483-99C3-77F3A45ADB2D}.Debug|Win32.Build.0 = Debug|Win32
		{DF4AFFEF-4BFA-3483-99C3-77F3A45ADB2D}.Debug|x64.ActiveCfg = Debug|x64
		{DF4AFFEF-4BFA-3483-99C3-77F3A45ADB2D}.Debug|x64.Build.0 = Debug|x64
		{DF4AFFEF-4BFA-3483-99C3-77F3A45ADB2D}.Release|Win32.ActiveCfg = Release|Win32
		{DF4AFFEF-4BFA-3483-99C3-77F3A45ADB2D}.Release|Win32.Build.0 = Release|Win32
		{E60D57ED-497C-1EEE-5E35-6B78E6C8CC1A}.Release|x64.ActiveCfg = Release|x64
		{E60D57ED-497C-1EEE-5E35-6B78E6C8CC1A}.Release|x64.Build.0 = Release|x64
		{E60D57ED-497C-1EEE-5E35-6B78E6C8CC1A}.Debug|Win32.ActiveCfg = Debug|Win32
		{E60D57ED-497C-1EEE-5E35-6B78E6C8CC1A}.Debug|Win32.Build.0 = Debug|Win32
		{E60D57ED-497C-1EEE-5E35-6B78E6C8CC1A}.Debug|x64.ActiveCfg = Debug|x64
		{E60D57ED-497C-1EEE-5E35-6B78E6C8CC1A}.Debug|x64.Build.0 = Debug|x64
		{E60D57ED-497C-1EEE-5E35-6B78E6C8CC1A}.Release|Win32.ActiveCfg = Release|Win32
		{E60D57ED-497C-1EEE-5E35-6B78E6C8CC1A}.Release|Win32.Build.0 = Release|Win32
		{E7926B4C-6AEA-CD53-B30F-69B1A19CD447}.Release|x64.ActiveCfg = Release|x64
		{E7926B4C-6AEA-CD53-B30F-69B1A19CD447}.Release|x64.Build.0 = Release|x64
		{E7926B4C-6AEA-CD53-B30F-69B1A19CD447}.Debug|Win32.ActiveCfg = Debug|Win32
		{E7926B4C-6AEA-CD53-B30F-69B1A19CD447}.Debug|Win32.Build.0 = Debug|Win32
		{E7926B4C-6AEA-CD53-B30F-69B1A19CD447}.Debug|x64.ActiveCfg = Debug|x64
		{E7926B4C-6AEA-CD53-B30F-69B1A19CD447}.Debug|x64.Build.0 = Debug|x64
		{E7926B4C-6AEA-CD53-B30F-69B1A19CD447}.Release|Win32.ActiveCfg = Release|Win32
		{E7926B4C-6AEA-CD53-B30F-69B1A19CD447}.Release|Win32.Build.0 = Release|Win32
		{E92D16BA-4645-6C1D-7B47-31F6A52C2DA5}.Release|x64.ActiveCfg = Release|x64
		{E92D16BA-4645-6C1D-7B47-31F6A52C2DA5}.Release|x64.Build.0 = Release|x64
		{E92D16BA-4645-6C1D-7B47-31F6A52C2DA5}.Debug|Win32.ActiveCfg = Debug|Win32
		{E92D16BA-4645-6C1D-7B47-31F6A52C2DA5}.Debug|Win32.Build.0 = Debug|Win32
		{E92D16BA-4645-6C1D-7B47-31F6A52C2DA5}.Debug|x64.ActiveCfg = Debug|x64
		{E92D16BA-4645-6C1D-7B47-31F6A52C2DA5}.Debug|x64.Build.0 = Debug|x64
		{E92D16BA-4645-6C1D-7B47-31F6A52C2DA5}.Release|Win32.ActiveCfg = Release|Win32
		{E92D16BA-4645-6C1D-7B47-31F6A52C2DA5}.Release|Win32.Build.0 = Release|Win32
		{EA9669E6-7C85-7BB3-70A5-5E617E47B2E0}.Release|x64.ActiveCfg = Release|x64
		{EA9669E6-7C85-7BB3-70A5-5E617E47B2E0}.Release|x64.Build.0 = Release|x64
		{EA9669E6-7C85-7BB3-70A5-5E617E47B2E0}.Debug|Win32.ActiveCfg = Debug|Win32
		{EA9669E6-7C85-7BB3-70A5-5E617E47B2E0}.Debug|Win32.Build.0 = Debug|Win32
		{EA9669E6-7C85-7BB3-70A5-5E617E47B2E0}.Debug|x64.ActiveCfg = Debug|x64
		{EA9669E6-7C85-7BB3-70A5-5E617E47B2E0}.Debug|x64.Build.0 = Debug|x64
		{EA9669E6-7C85-7BB3-70A5-5E617E47B2E0}.Release|Win32.ActiveCfg = Release|Win32
		{EA9669E6-7C85-7BB3-70A5-5E617E47B2E0}.Release|Win32.Build.0 = Release|Win32
		{EC2C7316-C2CD-797A-50E7-8DAD57C39093}.Release|x64.ActiveCfg = Release|x64
		{EC2C7316-C2CD-797A-50E7-8DAD57C39093}.Release|x64.Build.0 = Release|x64
		{EC2C7316-C2CD-797A-50E7-8DAD57C39093}.Debug|Win32.ActiveCfg = Debug|Win32
		{EC2C7316-C2CD-797A-50E7-8DAD57C39093}.Debug|Win32.Build.0 = Debug|Win32
		{EC2C7316-C2CD-797A-50E7-8DAD57C39093}.Debug|x64.ActiveCfg = Debug|x64
		{EC2C7316-C2CD-797A-50E7-8DAD57C39093}.Debug|x64.Build.0 = Debug|x64
		{EC2C7316-C2CD-797A-50E7-8DAD57C39093}.Release|Win32.ActiveCfg = Release|Win32
		{EC2C7316-C2CD-797A-50E7-8DAD57C39093}.Release|Win32.Build.0 = Release|Win32
		{F1870E70-A42C-3D23-EA8D-B71324933C3E}.Release|x64.ActiveCfg = Release|x64
		{F1870E70-A42C-3D23-EA8D-B71324933C3E}.Release|x64.Build.0 = Release|x64
		{F1870E70-A42C-3D23-EA8D-B71324933C3E}.Debug|Win32.ActiveCfg = Debug|Win32
		{F1870E70-A42C-3D23-EA8D-B71324933C3E}.Debug|Win32.Build.0 = Debug|Win32
		{F1870E70-A42C-3D23-EA8D-B71324933C3E}.Debug|x64.ActiveCfg = Debug|x64
		{F1870E70-A42C-3D23-EA8D-B71324933C3E}.Debug|x64.Build.0 = Debug|x64
		{F1870E70-A42C-3D23-EA8D-B71324933C3E}.Release|Win32.ActiveCfg = Release|Win32
		{F1870E70-A42C-3D23-EA8D-B71324933C3E}.Release|Win32.Build.0 = Release|Win32
		{F4558B43-8467-F51A-2B7A-341659E15C8D}.Release|x64.ActiveCfg = Release|x64
		{F4558B43-8467-F51A-2B7A-341659E15C8D}.Release|x64.Build.0 = Release|x64
		{F4558B43-8467-F51A-2B7A-341659E15C8D}.Debug|Win32.ActiveCfg = Debug|Win32
		{F4558B43-8467-F51A-2B7A-341659E15C8D}.Debug|Win32.Build.0 = Debug|Win32
		{F4558B43-8467-F51A-2B7A-341659E15C8D}.Debug|x64.ActiveCfg = Debug|x64
		{F4558B43-8467-F51A-2B7A-341659E15C8D}.Debug|x64.Build.0 = Debug|x64
		{F4558B43-8467-F51A-2B7A-341659E15C8D}.Release|Win32.ActiveCfg = Release|Win32
		{F4558B43-8467-F51A-2B7A-341659E15C8D}.Release|Win32.Build.0 = Release|Win32
		{F65762F4-7305-533D-3CB7-FD789E948246}.Release|x64.ActiveCfg = Release|x64
		{F65762F4-7305-533D-3CB7-FD789E948246}.Release|x64.Build.0 = Release|x64
		{F65762F4-7305-533D-3CB7-FD789E948246}.Debug|Win32.ActiveCfg = Debug|Win32
		{F65762F4-7305-533D-3CB7-FD789E948246}.Debug|Win32.Build.0 = Debug|Win32
		{F65762F4-7305-533D-3CB7-FD789E948246}.Debug|x64.ActiveCfg = Debug|x64
		{F65762F4-7305-533D-3CB7-FD789E948246}.Debug|x64.Build.0 = Debug|x64
		{F65762F4-7305-533D-3CB7-FD789E948246}.Release|Win32.ActiveCfg = Release|Win32
		{F65762F4-7305-533D-3CB7-FD789E948246}.Release|Win32.Build.0 = Release|Win32
		{F730E069-A7AB-114A-9B0C-A12D6547D729}.Release|x64.ActiveCfg = Release|x64
		{F730E069-A7AB-114A-9B0C-A12D6547D729}.Release|x64.Build.0 = Release|x64
		{F730E069-A7AB-114A-9B0C-A12D6547D729}.Debug|Win32.ActiveCfg = Debug|Win32
		{F730E069-A7AB-114A-9B0C-A12D6547D729}.Debug|Win32.Build.0 = Debug|Win32
		{F730E069-A7AB-114A-9B0C-A12D6547D729}.Debug|x64.ActiveCfg = Debug|x64
		{F730E069-A7AB-114A-9B0C-A12D6547D729}.Debug|x64.Build.0 = Debug|x64
		{F730E069-A7AB-114A-9B0C-A12D6547D729}.Release|Win32.ActiveCfg = Release|Win32
		{F730E069-A7AB-114A-9B0C-A12D6547D729}.Release|Win32.Build.0 = Release|Win32
		{FF10F00D-5702-F3EE-AE79-47BE792E469F}.Release|x64.ActiveCfg = Release|x64
		{FF10F00D-5702-F3EE-AE79-47BE792E469F}.Release|x64.Build.0 = Release|x64
		{FF10F00D-5702-F3EE-AE79-47BE792E469F}.Debug|Win32.ActiveCfg = Debug|Win32
		{FF10F00D-5702-F3EE-AE79-47BE792E469F}.Debug|Win32.Build.0 = Debug|Win32
		{FF10F00D-5702-F3EE-AE79-47BE792E469F}.Debug|x64.ActiveCfg = Debug|x64
		{FF10F00D-5702-F3EE-AE79-47BE792E469F}.Debug|x64.Build.0 = Debug|x64
		{FF10F00D-5702-F3EE-AE79-47BE792E469F}.Release|Win32.ActiveCfg = Release|Win32
		{FF10F00D-5702-F3EE-AE79-47BE792E469F}.Release|Win32.Build.0 = Release|Win32
		{FF7592C3-BCB6-6300-4D32-22D1F31A8C91}.Release|x64.ActiveCfg = Release|x64
		{FF7592C3-BCB6-6300-4D32-22D1F31A8C91}.Release|x64.Build.0 = Release|x64
		{FF7592C3-BCB6-6300-4D32-22D1F31A8C91}.Debug|Win32.ActiveCfg = Debug|Win32
		{FF7592C3-BCB6-6300-4D32-22D1F31A8C91}.Debug|Win32.Build.0 = Debug|Win32
		{FF7592C3-BCB6-6300-4D32-22D1F31A8C91}.Debug|x64.ActiveCfg = Debug|x64
		{FF7592C3-BCB6-6300-4D32-22D1F31A8C91}.Debug|x64.Build.0 = Debug|x64
		{FF7592C3-BCB6-6300-4D32-22D1F31A8C91}.Release|Win32.ActiveCfg = Release|Win32
		{FF7592C3-BCB6-6300-4D32-22D1F31A8C91}.Release|Win32.Build.0 = Release|Win32
	EndGlobalSection
	GlobalSection(SolutionProperties) = preSolution
		HideSolutionNode = FALSE
	EndGlobalSection
	GlobalSection(NestedProjects) = preSolution
		{5FA337A4-A4B8-0DFF-54B7-11AF37917B53} = {B4099936-46EF-B0C3-5A31-AE0F2D636A29}
		{94C3F65E-548B-E5D2-6AB2-9BFACE5099FE} = {F4DBC581-D1BC-0F15-B59D-4DD93B16A165}
		{F730E069-A7AB-114A-9B0C-A12D6547D729} = {F4DBC581-D1BC-0F15-B59D-4DD93B16A165}
		{59AE9B49-7D3A-B829-BD9D-B35923734432} = {8BDE7D70-C0A0-0C23-2BC8-768E0C8D91DB}
		{D8DEEF1A-3301-C556-D46C-370D281EBF81} = {B8953704-62D0-8710-61C7-F2DA09DC6725}
		{4F489D8C-9A3E-5BA2-3751-CA90A4E2CD39} = {B8953704-62D0-8710-61C7-F2DA09DC6725}
		{98C4C46F-2138-AB65-A966-7CF5050E9A36} = {B8953704-62D0-8710-61C7-F2DA09DC6725}
		{29FE02B8-3BCE-B099-3B2C-312C53DDD1B2} = {B8953704-62D0-8710-61C7-F2DA09DC6725}
		{DB754D36-AF9A-E2D7-B9F1-1D6B46CACC78} = {B8953704-62D0-8710-61C7-F2DA09DC6725}
		{3FFAEEE0-4022-349D-FFBB-80B6FDF77CC9} = {B8953704-62D0-8710-61C7-F2DA09DC6725}
		{92D28FDE-22C4-327C-6F38-E052B0ACD578} = {B8953704-62D0-8710-61C7-F2DA09DC6725}
		{A165ABBC-D280-78E7-5441-C04A02F44126} = {D7F6AEC4-7DF6-3BA0-9018-2938860660D1}
		{1129EF10-A8C4-0CE3-A02C-280FB3F2A1BD} = {D7F6AEC4-7DF6-3BA0-9018-2938860660D1}
		{2E3DBD36-F656-91A8-0671-346D50FBADEB} = {D7F6AEC4-7DF6-3BA0-9018-2938860660D1}
		{AE89E2A5-DD1E-9B05-C946-F2891DFA8F0F} = {D7F6AEC4-7DF6-3BA0-9018-2938860660D1}
		{099A77AC-21E9-FABF-E9AB-5B1D1F3ACC48} = {D7F6AEC4-7DF6-3BA0-9018-2938860660D1}
		{83FBAA87-8C2F-C686-777D-B7A828FAD366} = {D7F6AEC4-7DF6-3BA0-9018-2938860660D1}
		{8C10267F-92E0-7805-97ED-D1B170256868} = {D7F6AEC4-7DF6-3BA0-9018-2938860660D1}
		{185A7C02-853C-BCFF-3D6B-078237C3EA31} = {D7F6AEC4-7DF6-3BA0-9018-2938860660D1}
		{FF10F00D-5702-F3EE-AE79-47BE792E469F} = {D7F6AEC4-7DF6-3BA0-9018-2938860660D1}
		{146375DB-C9B9-57F5-E9E9-AFEB55469AE6} = {D7F6AEC4-7DF6-3BA0-9018-2938860660D1}
		{E92D16BA-4645-6C1D-7B47-31F6A52C2DA5} = {D7F6AEC4-7DF6-3BA0-9018-2938860660D1}
		{C4C0F7B0-ADAF-2021-7F0A-4A6706FB67E9} = {D7F6AEC4-7DF6-3BA0-9018-2938860660D1}
		{0F614437-A5FF-28FC-A906-8E60948FCEE2} = {D7F6AEC4-7DF6-3BA0-9018-2938860660D1}
		{0ED4787F-619F-6A05-A86A-FEF933A6C99A} = {D7F6AEC4-7DF6-3BA0-9018-2938860660D1}
		{99767437-45DA-EB55-2AC7-E7457A165319} = {D7F6AEC4-7DF6-3BA0-9018-2938860660D1}
		{2B255AD5-EBAB-91CB-8D0B-92A3BD526175} = {D7F6AEC4-7DF6-3BA0-9018-2938860660D1}
		{1E57B008-04C0-0535-2E4E-DA529226AB62} = {D7F6AEC4-7DF6-3BA0-9018-2938860660D1}
		{A9AD89F3-BB87-4C7A-7213-620D03A800E7} = {D7F6AEC4-7DF6-3BA0-9018-2938860660D1}
		{E7926B4C-6AEA-CD53-B30F-69B1A19CD447} = {D7F6AEC4-7DF6-3BA0-9018-2938860660D1}
		{BEF152FF-0EFD-E35A-6433-CD378352884A} = {D7F6AEC4-7DF6-3BA0-9018-2938860660D1}
		{C4F969E7-64B5-868A-46D3-DF4169BA347A} = {D7F6AEC4-7DF6-3BA0-9018-2938860660D1}
		{8CCF4CFA-D21A-2F2C-DCF8-60D76854CB7F} = {D7F6AEC4-7DF6-3BA0-9018-2938860660D1}
		{D35D182D-A4DA-20DF-14FF-2406D59534A4} = {D7F6AEC4-7DF6-3BA0-9018-2938860660D1}
		{2AC23F40-6DF5-D19C-0C8B-8719E81FC920} = {D7F6AEC4-7DF6-3BA0-9018-2938860660D1}
		{BB6164E8-B627-6EAF-C82B-1714EA080642} = {D7F6AEC4-7DF6-3BA0-9018-2938860660D1}
		{EA9669E6-7C85-7BB3-70A5-5E617E47B2E0} = {D7F6AEC4-7DF6-3BA0-9018-2938860660D1}
		{0BF31915-67DE-A05E-CD96-CF479A1ABB70} = {D7F6AEC4-7DF6-3BA0-9018-2938860660D1}
		{1BB9DC7A-6384-C87A-4A4F-8860F44B3D30} = {D7F6AEC4-7DF6-3BA0-9018-2938860660D1}
		{F65762F4-7305-533D-3CB7-FD789E948246} = {D7F6AEC4-7DF6-3BA0-9018-2938860660D1}
		{7926A572-70A9-4B57-C65D-D4078AD616BC} = {D7F6AEC4-7DF6-3BA0-9018-2938860660D1}
		{2BFE1C94-EA7D-C77A-7D3B-7B019B9DFB7E} = {D7F6AEC4-7DF6-3BA0-9018-2938860660D1}
		{39B697F6-67F5-FD18-A2E0-58EF60E28EFA} = {D7F6AEC4-7DF6-3BA0-9018-2938860660D1}
		{DF017FD2-A394-B251-2D36-562AA40DDD86} = {D7F6AEC4-7DF6-3BA0-9018-2938860660D1}
		{C77FBD5E-961D-28C8-02F4-F77C3D73B0C1} = {536A313E-60AE-7277-9C30-B45466DB0F08}
		{D8ECA65B-F16D-4518-7238-14A624F8E6A2} = {536A313E-60AE-7277-9C30-B45466DB0F08}
		{8C160D13-20E0-A530-24A9-55D348DDE638} = {536A313E-60AE-7277-9C30-B45466DB0F08}
		{EC2C7316-C2CD-797A-50E7-8DAD57C39093} = {A165ABBC-D280-78E7-5441-C04A02F44126}
		{1AE4BD9F-684A-F06F-23D4-1A47F1947979} = {38B7683E-6F16-B5E1-5F7D-9D2F85A33684}
		{38B7683E-6F16-B5E1-5F7D-9D2F85A33684} = {C22DCE09-BE8E-C79C-FFD0-C3927B546C91}
		{F1870E70-A42C-3D23-EA8D-B71324933C3E} = {B3629B5A-22C3-6180-5AC1-7686872A3BDD}
		{B4099936-46EF-B0C3-5A31-AE0F2D636A29} = {1129EF10-A8C4-0CE3-A02C-280FB3F2A1BD}
		{B3629B5A-22C3-6180-5AC1-7686872A3BDD} = {1129EF10-A8C4-0CE3-A02C-280FB3F2A1BD}
		{93F5B4E9-BEBF-58AB-29DD-352049149181} = {9513D928-69BB-95DF-8D5D-0CBA54FECF2D}
		{26A527F1-6C1F-9475-68DC-A95BFC95FBBD} = {5FA337A4-A4B8-0DFF-54B7-11AF37917B53}
		{F4DBC581-D1BC-0F15-B59D-4DD93B16A165} = {FB3E20CC-9516-F7D2-EFF7-C27ABDCA54B9}
		{D7F6AEC4-7DF6-3BA0-9018-2938860660D1} = {FB3E20CC-9516-F7D2-EFF7-C27ABDCA54B9}
		{C22DCE09-BE8E-C79C-FFD0-C3927B546C91} = {FB3E20CC-9516-F7D2-EFF7-C27ABDCA54B9}
		{9513D928-69BB-95DF-8D5D-0CBA54FECF2D} = {FB3E20CC-9516-F7D2-EFF7-C27ABDCA54B9}
		{C78F1F67-4739-08BD-2A1B-E02E1693CCE2} = {FB3E20CC-9516-F7D2-EFF7-C27ABDCA54B9}
		{C2AB4CC2-44CF-005A-6CE7-91DB913A4429} = {FB3E20CC-9516-F7D2-EFF7-C27ABDCA54B9}
		{FF7592C3-BCB6-6300-4D32-22D1F31A8C91} = {FB3E20CC-9516-F7D2-EFF7-C27ABDCA54B9}
		{5DCD823B-FF01-0766-3F9B-3816438B4351} = {FB3E20CC-9516-F7D2-EFF7-C27ABDCA54B9}
		{450E00FA-D94A-C224-FD4C-86B762E81856} = {0DF124FD-E647-B3BA-7C65-D73417BD945A}
		{E60D57ED-497C-1EEE-5E35-6B78E6C8CC1A} = {0DF124FD-E647-B3BA-7C65-D73417BD945A}
		{79E11EC6-9D35-51F4-B78D-D881FFD676ED} = {0DF124FD-E647-B3BA-7C65-D73417BD945A}
		{72107907-3394-4327-F9C6-D23955202E8B} = {0DF124FD-E647-B3BA-7C65-D73417BD945A}
		{DF4AFFEF-4BFA-3483-99C3-77F3A45ADB2D} = {0DF124FD-E647-B3BA-7C65-D73417BD945A}
		{F4558B43-8467-F51A-2B7A-341659E15C8D} = {0DF124FD-E647-B3BA-7C65-D73417BD945A}
		{CD85B2A7-E43A-5D27-263D-572F03D0888F} = {0DF124FD-E647-B3BA-7C65-D73417BD945A}
		{1EF7BA70-7393-8505-3C27-521EC9A7AA15} = {0DF124FD-E647-B3BA-7C65-D73417BD945A}
		{66884588-CE0A-F74D-7CE5-2E93AE536B67} = {0DF124FD-E647-B3BA-7C65-D73417BD945A}
		{4DD5E719-A51B-4B84-DB2D-B7EC428498A3} = {0DF124FD-E647-B3BA-7C65-D73417BD945A}
	EndGlobalSection
EndGlobal
