Microsoft Visual Studio Solution File, Format Version 11.00
# Visual Studio 2010
Project("{8BC9CEB8-8B4A-11D0-8D11-00A0C91BC942}") = "bspatch", "bspatch.vcxproj", "{DECA2EB6-B156-5691-53EE-A97E852DE98F}"
EndProject
Project("{8BC9CEB8-8B4A-11D0-8D11-00A0C91BC942}") = "lzma_sdk", "..\lzma_sdk\lzma_sdk.vcxproj", "{EB623362-DCFF-9AC6-8E20-0A47C1F8FD0E}"
EndProject
Global
	GlobalSection(SolutionConfigurationPlatforms) = preSolution
		Release|x64 = Release|x64
		Debug|Win32 = Debug|Win32
		Debug|x64 = Debug|x64
		Release|Win32 = Release|Win32
	EndGlobalSection
	GlobalSection(ProjectConfigurationPlatforms) = postSolution
		{DECA2EB6-B156-5691-53EE-A97E852DE98F}.Release|x64.ActiveCfg = Release|x64
		{DECA2EB6-B156-5691-53EE-A97E852DE98F}.Release|x64.Build.0 = Release|x64
		{DECA2EB6-B156-5691-53EE-A97E852DE98F}.Debug|Win32.ActiveCfg = Debug|Win32
		{DECA2EB6-B156-5691-53EE-A97E852DE98F}.Debug|Win32.Build.0 = Debug|Win32
		{DECA2EB6-B156-5691-53EE-A97E852DE98F}.Debug|x64.ActiveCfg = Debug|x64
		{DECA2EB6-B156-5691-53EE-A97E852DE98F}.Debug|x64.Build.0 = Debug|x64
		{DECA2EB6-B156-5691-53EE-A97E852DE98F}.Release|Win32.ActiveCfg = Release|Win32
		{DECA2EB6-B156-5691-53EE-A97E852DE98F}.Release|Win32.Build.0 = Release|Win32
		{EB623362-DCFF-9AC6-8E20-0A47C1F8FD0E}.Release|x64.ActiveCfg = Release|x64
		{EB623362-DCFF-9AC6-8E20-0A47C1F8FD0E}.Release|x64.Build.0 = Release|x64
		{EB623362-DCFF-9AC6-8E20-0A47C1F8FD0E}.Debug|Win32.ActiveCfg = Debug|Win32
		{EB623362-DCFF-9AC6-8E20-0A47C1F8FD0E}.Debug|Win32.Build.0 = Debug|Win32
		{EB623362-DCFF-9AC6-8E20-0A47C1F8FD0E}.Debug|x64.ActiveCfg = Debug|x64
		{EB623362-DCFF-9AC6-8E20-0A47C1F8FD0E}.Debug|x64.Build.0 = Debug|x64
		{EB623362-DCFF-9AC6-8E20-0A47C1F8FD0E}.Release|Win32.ActiveCfg = Release|Win32
		{EB623362-DCFF-9AC6-8E20-0A47C1F8FD0E}.Release|Win32.Build.0 = Release|Win32
	EndGlobalSection
	GlobalSection(SolutionProperties) = preSolution
		HideSolutionNode = FALSE
	EndGlobalSection
EndGlobal
