Microsoft Visual Studio Solution File, Format Version 11.00
# Visual Studio 2010
Project("{2150E333-8FDC-42A3-9474-1A3956D46DE8}") = "(icu)", "..\..\icu", "{B5E6450C-38DC-834B-6919-953F956C4755}"
EndProject
Project("{2150E333-8FDC-42A3-9474-1A3956D46DE8}") = "(nss)", "..\..\nss", "{13A25EE8-F505-4DB3-BBC9-0E0D92DA63E7}"
EndProject
Project("{2150E333-8FDC-42A3-9474-1A3956D46DE8}") = "(usrsctp)", "..\..\usrsctp", "{0F3B85E5-A69A-4B10-5AD9-AA13ED1F0EBA}"
EndProject
Project("{8BC9CEB8-8B4A-11D0-8D11-00A0C91BC942}") = "icudata", "..\icu\icudata.vcxproj", "{3D63B711-4889-9F48-B2BB-2615598433E7}"
EndProject
Project("{8BC9CEB8-8B4A-11D0-8D11-00A0C91BC942}") = "icui18n", "..\icu\icui18n.vcxproj", "{975D13B1-90C6-E6D1-7357-CC9073586CEE}"
EndProject
Project("{8BC9CEB8-8B4A-11D0-8D11-00A0C91BC942}") = "icuuc", "..\icu\icuuc.vcxproj", "{ABE8C79E-F58F-838E-60CE-D14A2B5B94C4}"
	ProjectSection(ProjectDependencies) = postProject
		{3D63B711-4889-9F48-B2BB-2615598433E7} = {3D63B711-4889-9F48-B2BB-2615598433E7}
	EndProjectSection
EndProject
Project("{8BC9CEB8-8B4A-11D0-8D11-00A0C91BC942}") = "nspr", "..\nss\nspr.vcxproj", "{7F63D2BA-E7E8-FC4E-8C10-C3A4943F2B4B}"
EndProject
Project("{8BC9CEB8-8B4A-11D0-8D11-00A0C91BC942}") = "nss", "..\nss\nss.vcxproj", "{6103D4AB-6C7A-4DEE-C09A-9143155744FB}"
EndProject
Project("{8BC9CEB8-8B4A-11D0-8D11-00A0C91BC942}") = "nss_static", "..\nss\nss_static.vcxproj", "{797952F0-5B24-360F-0CED-0D3C9D61FA5F}"
EndProject
Project("{8BC9CEB8-8B4A-11D0-8D11-00A0C91BC942}") = "sqlite", "..\sqlite\sqlite.vcxproj", "{E610B944-9D0A-0438-1210-D369CE5058A8}"
EndProject
Project("{8BC9CEB8-8B4A-11D0-8D11-00A0C91BC942}") = "usrsctplib", "usrsctplib.vcxproj", "{F2A6B502-E789-7D12-61F4-7D038E5F8351}"
EndProject
Global
	GlobalSection(SolutionConfigurationPlatforms) = preSolution
		Debug|x64 = Debug|x64
		Debug|Win32 = Debug|Win32
		Release|x64 = Release|x64
		Release|Win32 = Release|Win32
	EndGlobalSection
	GlobalSection(ProjectConfigurationPlatforms) = postSolution
		{3D63B711-4889-9F48-B2BB-2615598433E7}.Debug|x64.ActiveCfg = Debug|x64
		{3D63B711-4889-9F48-B2BB-2615598433E7}.Debug|x64.Build.0 = Debug|x64
		{3D63B711-4889-9F48-B2BB-2615598433E7}.Debug|Win32.ActiveCfg = Debug|Win32
		{3D63B711-4889-9F48-B2BB-2615598433E7}.Debug|Win32.Build.0 = Debug|Win32
		{3D63B711-4889-9F48-B2BB-2615598433E7}.Release|x64.ActiveCfg = Release|x64
		{3D63B711-4889-9F48-B2BB-2615598433E7}.Release|x64.Build.0 = Release|x64
		{3D63B711-4889-9F48-B2BB-2615598433E7}.Release|Win32.ActiveCfg = Release|Win32
		{3D63B711-4889-9F48-B2BB-2615598433E7}.Release|Win32.Build.0 = Release|Win32
		{6103D4AB-6C7A-4DEE-C09A-9143155744FB}.Debug|x64.ActiveCfg = Debug|x64
		{6103D4AB-6C7A-4DEE-C09A-9143155744FB}.Debug|x64.Build.0 = Debug|x64
		{6103D4AB-6C7A-4DEE-C09A-9143155744FB}.Debug|Win32.ActiveCfg = Debug|Win32
		{6103D4AB-6C7A-4DEE-C09A-9143155744FB}.Debug|Win32.Build.0 = Debug|Win32
		{6103D4AB-6C7A-4DEE-C09A-9143155744FB}.Release|x64.ActiveCfg = Release|x64
		{6103D4AB-6C7A-4DEE-C09A-9143155744FB}.Release|x64.Build.0 = Release|x64
		{6103D4AB-6C7A-4DEE-C09A-9143155744FB}.Release|Win32.ActiveCfg = Release|Win32
		{6103D4AB-6C7A-4DEE-C09A-9143155744FB}.Release|Win32.Build.0 = Release|Win32
		{797952F0-5B24-360F-0CED-0D3C9D61FA5F}.Debug|x64.ActiveCfg = Debug|x64
		{797952F0-5B24-360F-0CED-0D3C9D61FA5F}.Debug|x64.Build.0 = Debug|x64
		{797952F0-5B24-360F-0CED-0D3C9D61FA5F}.Debug|Win32.ActiveCfg = Debug|Win32
		{797952F0-5B24-360F-0CED-0D3C9D61FA5F}.Debug|Win32.Build.0 = Debug|Win32
		{797952F0-5B24-360F-0CED-0D3C9D61FA5F}.Release|x64.ActiveCfg = Release|x64
		{797952F0-5B24-360F-0CED-0D3C9D61FA5F}.Release|x64.Build.0 = Release|x64
		{797952F0-5B24-360F-0CED-0D3C9D61FA5F}.Release|Win32.ActiveCfg = Release|Win32
		{797952F0-5B24-360F-0CED-0D3C9D61FA5F}.Release|Win32.Build.0 = Release|Win32
		{7F63D2BA-E7E8-FC4E-8C10-C3A4943F2B4B}.Debug|x64.ActiveCfg = Debug|x64
		{7F63D2BA-E7E8-FC4E-8C10-C3A4943F2B4B}.Debug|x64.Build.0 = Debug|x64
		{7F63D2BA-E7E8-FC4E-8C10-C3A4943F2B4B}.Debug|Win32.ActiveCfg = Debug|Win32
		{7F63D2BA-E7E8-FC4E-8C10-C3A4943F2B4B}.Debug|Win32.Build.0 = Debug|Win32
		{7F63D2BA-E7E8-FC4E-8C10-C3A4943F2B4B}.Release|x64.ActiveCfg = Release|x64
		{7F63D2BA-E7E8-FC4E-8C10-C3A4943F2B4B}.Release|x64.Build.0 = Release|x64
		{7F63D2BA-E7E8-FC4E-8C10-C3A4943F2B4B}.Release|Win32.ActiveCfg = Release|Win32
		{7F63D2BA-E7E8-FC4E-8C10-C3A4943F2B4B}.Release|Win32.Build.0 = Release|Win32
		{975D13B1-90C6-E6D1-7357-CC9073586CEE}.Debug|x64.ActiveCfg = Debug|x64
		{975D13B1-90C6-E6D1-7357-CC9073586CEE}.Debug|x64.Build.0 = Debug|x64
		{975D13B1-90C6-E6D1-7357-CC9073586CEE}.Debug|Win32.ActiveCfg = Debug|Win32
		{975D13B1-90C6-E6D1-7357-CC9073586CEE}.Debug|Win32.Build.0 = Debug|Win32
		{975D13B1-90C6-E6D1-7357-CC9073586CEE}.Release|x64.ActiveCfg = Release|x64
		{975D13B1-90C6-E6D1-7357-CC9073586CEE}.Release|x64.Build.0 = Release|x64
		{975D13B1-90C6-E6D1-7357-CC9073586CEE}.Release|Win32.ActiveCfg = Release|Win32
		{975D13B1-90C6-E6D1-7357-CC9073586CEE}.Release|Win32.Build.0 = Release|Win32
		{ABE8C79E-F58F-838E-60CE-D14A2B5B94C4}.Debug|x64.ActiveCfg = Debug|x64
		{ABE8C79E-F58F-838E-60CE-D14A2B5B94C4}.Debug|x64.Build.0 = Debug|x64
		{ABE8C79E-F58F-838E-60CE-D14A2B5B94C4}.Debug|Win32.ActiveCfg = Debug|Win32
		{ABE8C79E-F58F-838E-60CE-D14A2B5B94C4}.Debug|Win32.Build.0 = Debug|Win32
		{ABE8C79E-F58F-838E-60CE-D14A2B5B94C4}.Release|x64.ActiveCfg = Release|x64
		{ABE8C79E-F58F-838E-60CE-D14A2B5B94C4}.Release|x64.Build.0 = Release|x64
		{ABE8C79E-F58F-838E-60CE-D14A2B5B94C4}.Release|Win32.ActiveCfg = Release|Win32
		{ABE8C79E-F58F-838E-60CE-D14A2B5B94C4}.Release|Win32.Build.0 = Release|Win32
		{E610B944-9D0A-0438-1210-D369CE5058A8}.Debug|x64.ActiveCfg = Debug|x64
		{E610B944-9D0A-0438-1210-D369CE5058A8}.Debug|x64.Build.0 = Debug|x64
		{E610B944-9D0A-0438-1210-D369CE5058A8}.Debug|Win32.ActiveCfg = Debug|Win32
		{E610B944-9D0A-0438-1210-D369CE5058A8}.Debug|Win32.Build.0 = Debug|Win32
		{E610B944-9D0A-0438-1210-D369CE5058A8}.Release|x64.ActiveCfg = Release|x64
		{E610B944-9D0A-0438-1210-D369CE5058A8}.Release|x64.Build.0 = Release|x64
		{E610B944-9D0A-0438-1210-D369CE5058A8}.Release|Win32.ActiveCfg = Release|Win32
		{E610B944-9D0A-0438-1210-D369CE5058A8}.Release|Win32.Build.0 = Release|Win32
		{F2A6B502-E789-7D12-61F4-7D038E5F8351}.Debug|x64.ActiveCfg = Debug|x64
		{F2A6B502-E789-7D12-61F4-7D038E5F8351}.Debug|x64.Build.0 = Debug|x64
		{F2A6B502-E789-7D12-61F4-7D038E5F8351}.Debug|Win32.ActiveCfg = Debug|Win32
		{F2A6B502-E789-7D12-61F4-7D038E5F8351}.Debug|Win32.Build.0 = Debug|Win32
		{F2A6B502-E789-7D12-61F4-7D038E5F8351}.Release|x64.ActiveCfg = Release|x64
		{F2A6B502-E789-7D12-61F4-7D038E5F8351}.Release|x64.Build.0 = Release|x64
		{F2A6B502-E789-7D12-61F4-7D038E5F8351}.Release|Win32.ActiveCfg = Release|Win32
		{F2A6B502-E789-7D12-61F4-7D038E5F8351}.Release|Win32.Build.0 = Release|Win32
	EndGlobalSection
	GlobalSection(SolutionProperties) = preSolution
		HideSolutionNode = FALSE
	EndGlobalSection
	GlobalSection(NestedProjects) = preSolution
		{3D63B711-4889-9F48-B2BB-2615598433E7} = {B5E6450C-38DC-834B-6919-953F956C4755}
		{975D13B1-90C6-E6D1-7357-CC9073586CEE} = {B5E6450C-38DC-834B-6919-953F956C4755}
		{ABE8C79E-F58F-838E-60CE-D14A2B5B94C4} = {B5E6450C-38DC-834B-6919-953F956C4755}
		{7F63D2BA-E7E8-FC4E-8C10-C3A4943F2B4B} = {13A25EE8-F505-4DB3-BBC9-0E0D92DA63E7}
		{6103D4AB-6C7A-4DEE-C09A-9143155744FB} = {13A25EE8-F505-4DB3-BBC9-0E0D92DA63E7}
		{797952F0-5B24-360F-0CED-0D3C9D61FA5F} = {13A25EE8-F505-4DB3-BBC9-0E0D92DA63E7}
		{F2A6B502-E789-7D12-61F4-7D038E5F8351} = {0F3B85E5-A69A-4B10-5AD9-AA13ED1F0EBA}
	EndGlobalSection
EndGlobal
