Microsoft Visual Studio Solution File, Format Version 11.00
# Visual Studio 2010
Project("{8BC9CEB8-8B4A-11D0-8D11-00A0C91BC942}") = "libwebp", "libwebp.vcxproj", "{2F1556D5-570F-98F6-F0DF-8C69278523C4}"
	ProjectSection(ProjectDependencies) = postProject
		{FBF60F6B-34CE-BEAB-F2E6-7EB67A8281D5} = {FBF60F6B-34CE-BEAB-F2E6-7EB67A8281D5}
		{6DA371C6-A9D8-AF87-4626-BCD0420CDF61} = {6DA371C6-A9D8-AF87-4626-BCD0420CDF61}
		{7A3F81A4-54E8-CF5A-664A-65D52AFEB3ED} = {7A3F81A4-54E8-CF5A-664A-65D52AFEB3ED}
		{98955B6B-5346-D345-390A-F742ACB8B368} = {98955B6B-5346-D345-390A-F742ACB8B368}
		{1EFD0B44-F017-E874-9F6E-79C136579043} = {1EFD0B44-F017-E874-9F6E-79C136579043}
		{D3A46DB8-E870-71EF-6234-A4CDFC772DFE} = {D3A46DB8-E870-71EF-6234-A4CDFC772DFE}
	EndProjectSection
EndProject
Project("{8BC9CEB8-8B4A-11D0-8D11-00A0C91BC942}") = "libwebp_dec", "libwebp_dec.vcxproj", "{FBF60F6B-34CE-BEAB-F2E6-7EB67A8281D5}"
	ProjectSection(ProjectDependencies) = postProject
		{98955B6B-5346-D345-390A-F742ACB8B368} = {98955B6B-5346-D345-390A-F742ACB8B368}
	EndProjectSection
EndProject
Project("{8BC9CEB8-8B4A-11D0-8D11-00A0C91BC942}") = "libwebp_demux", "libwebp_demux.vcxproj", "{6DA371C6-A9D8-AF87-4626-BCD0420CDF61}"
EndProject
Project("{8BC9CEB8-8B4A-11D0-8D11-00A0C91BC942}") = "libwebp_dsp", "libwebp_dsp.vcxproj", "{7A3F81A4-54E8-CF5A-664A-65D52AFEB3ED}"
EndProject
Project("{8BC9CEB8-8B4A-11D0-8D11-00A0C91BC942}") = "libwebp_dsp_neon", "libwebp_dsp_neon.vcxproj", "{98955B6B-5346-D345-390A-F742ACB8B368}"
EndProject
Project("{8BC9CEB8-8B4A-11D0-8D11-00A0C91BC942}") = "libwebp_enc", "libwebp_enc.vcxproj", "{1EFD0B44-F017-E874-9F6E-79C136579043}"
EndProject
Project("{8BC9CEB8-8B4A-11D0-8D11-00A0C91BC942}") = "libwebp_utils", "libwebp_utils.vcxproj", "{D3A46DB8-E870-71EF-6234-A4CDFC772DFE}"
EndProject
Global
	GlobalSection(SolutionConfigurationPlatforms) = preSolution
		Release|x64 = Release|x64
		Debug|Win32 = Debug|Win32
		Debug|x64 = Debug|x64
		Release|Win32 = Release|Win32
	EndGlobalSection
	GlobalSection(ProjectConfigurationPlatforms) = postSolution
		{1EFD0B44-F017-E874-9F6E-79C136579043}.Release|x64.ActiveCfg = Release|x64
		{1EFD0B44-F017-E874-9F6E-79C136579043}.Release|x64.Build.0 = Release|x64
		{1EFD0B44-F017-E874-9F6E-79C136579043}.Debug|Win32.ActiveCfg = Debug|Win32
		{1EFD0B44-F017-E874-9F6E-79C136579043}.Debug|Win32.Build.0 = Debug|Win32
		{1EFD0B44-F017-E874-9F6E-79C136579043}.Debug|x64.ActiveCfg = Debug|x64
		{1EFD0B44-F017-E874-9F6E-79C136579043}.Debug|x64.Build.0 = Debug|x64
		{1EFD0B44-F017-E874-9F6E-79C136579043}.Release|Win32.ActiveCfg = Release|Win32
		{1EFD0B44-F017-E874-9F6E-79C136579043}.Release|Win32.Build.0 = Release|Win32
		{2F1556D5-570F-98F6-F0DF-8C69278523C4}.Release|x64.ActiveCfg = Release|x64
		{2F1556D5-570F-98F6-F0DF-8C69278523C4}.Release|x64.Build.0 = Release|x64
		{2F1556D5-570F-98F6-F0DF-8C69278523C4}.Debug|Win32.ActiveCfg = Debug|Win32
		{2F1556D5-570F-98F6-F0DF-8C69278523C4}.Debug|Win32.Build.0 = Debug|Win32
		{2F1556D5-570F-98F6-F0DF-8C69278523C4}.Debug|x64.ActiveCfg = Debug|x64
		{2F1556D5-570F-98F6-F0DF-8C69278523C4}.Debug|x64.Build.0 = Debug|x64
		{2F1556D5-570F-98F6-F0DF-8C69278523C4}.Release|Win32.ActiveCfg = Release|Win32
		{2F1556D5-570F-98F6-F0DF-8C69278523C4}.Release|Win32.Build.0 = Release|Win32
		{6DA371C6-A9D8-AF87-4626-BCD0420CDF61}.Release|x64.ActiveCfg = Release|x64
		{6DA371C6-A9D8-AF87-4626-BCD0420CDF61}.Release|x64.Build.0 = Release|x64
		{6DA371C6-A9D8-AF87-4626-BCD0420CDF61}.Debug|Win32.ActiveCfg = Debug|Win32
		{6DA371C6-A9D8-AF87-4626-BCD0420CDF61}.Debug|Win32.Build.0 = Debug|Win32
		{6DA371C6-A9D8-AF87-4626-BCD0420CDF61}.Debug|x64.ActiveCfg = Debug|x64
		{6DA371C6-A9D8-AF87-4626-BCD0420CDF61}.Debug|x64.Build.0 = Debug|x64
		{6DA371C6-A9D8-AF87-4626-BCD0420CDF61}.Release|Win32.ActiveCfg = Release|Win32
		{6DA371C6-A9D8-AF87-4626-BCD0420CDF61}.Release|Win32.Build.0 = Release|Win32
		{7A3F81A4-54E8-CF5A-664A-65D52AFEB3ED}.Release|x64.ActiveCfg = Release|x64
		{7A3F81A4-54E8-CF5A-664A-65D52AFEB3ED}.Release|x64.Build.0 = Release|x64
		{7A3F81A4-54E8-CF5A-664A-65D52AFEB3ED}.Debug|Win32.ActiveCfg = Debug|Win32
		{7A3F81A4-54E8-CF5A-664A-65D52AFEB3ED}.Debug|Win32.Build.0 = Debug|Win32
		{7A3F81A4-54E8-CF5A-664A-65D52AFEB3ED}.Debug|x64.ActiveCfg = Debug|x64
		{7A3F81A4-54E8-CF5A-664A-65D52AFEB3ED}.Debug|x64.Build.0 = Debug|x64
		{7A3F81A4-54E8-CF5A-664A-65D52AFEB3ED}.Release|Win32.ActiveCfg = Release|Win32
		{7A3F81A4-54E8-CF5A-664A-65D52AFEB3ED}.Release|Win32.Build.0 = Release|Win32
		{98955B6B-5346-D345-390A-F742ACB8B368}.Release|x64.ActiveCfg = Release|x64
		{98955B6B-5346-D345-390A-F742ACB8B368}.Release|x64.Build.0 = Release|x64
		{98955B6B-5346-D345-390A-F742ACB8B368}.Debug|Win32.ActiveCfg = Debug|Win32
		{98955B6B-5346-D345-390A-F742ACB8B368}.Debug|Win32.Build.0 = Debug|Win32
		{98955B6B-5346-D345-390A-F742ACB8B368}.Debug|x64.ActiveCfg = Debug|x64
		{98955B6B-5346-D345-390A-F742ACB8B368}.Debug|x64.Build.0 = Debug|x64
		{98955B6B-5346-D345-390A-F742ACB8B368}.Release|Win32.ActiveCfg = Release|Win32
		{98955B6B-5346-D345-390A-F742ACB8B368}.Release|Win32.Build.0 = Release|Win32
		{D3A46DB8-E870-71EF-6234-A4CDFC772DFE}.Release|x64.ActiveCfg = Release|x64
		{D3A46DB8-E870-71EF-6234-A4CDFC772DFE}.Release|x64.Build.0 = Release|x64
		{D3A46DB8-E870-71EF-6234-A4CDFC772DFE}.Debug|Win32.ActiveCfg = Debug|Win32
		{D3A46DB8-E870-71EF-6234-A4CDFC772DFE}.Debug|Win32.Build.0 = Debug|Win32
		{D3A46DB8-E870-71EF-6234-A4CDFC772DFE}.Debug|x64.ActiveCfg = Debug|x64
		{D3A46DB8-E870-71EF-6234-A4CDFC772DFE}.Debug|x64.Build.0 = Debug|x64
		{D3A46DB8-E870-71EF-6234-A4CDFC772DFE}.Release|Win32.ActiveCfg = Release|Win32
		{D3A46DB8-E870-71EF-6234-A4CDFC772DFE}.Release|Win32.Build.0 = Release|Win32
		{FBF60F6B-34CE-BEAB-F2E6-7EB67A8281D5}.Release|x64.ActiveCfg = Release|x64
		{FBF60F6B-34CE-BEAB-F2E6-7EB67A8281D5}.Release|x64.Build.0 = Release|x64
		{FBF60F6B-34CE-BEAB-F2E6-7EB67A8281D5}.Debug|Win32.ActiveCfg = Debug|Win32
		{FBF60F6B-34CE-BEAB-F2E6-7EB67A8281D5}.Debug|Win32.Build.0 = Debug|Win32
		{FBF60F6B-34CE-BEAB-F2E6-7EB67A8281D5}.Debug|x64.ActiveCfg = Debug|x64
		{FBF60F6B-34CE-BEAB-F2E6-7EB67A8281D5}.Debug|x64.Build.0 = Debug|x64
		{FBF60F6B-34CE-BEAB-F2E6-7EB67A8281D5}.Release|Win32.ActiveCfg = Release|Win32
		{FBF60F6B-34CE-BEAB-F2E6-7EB67A8281D5}.Release|Win32.Build.0 = Release|Win32
	EndGlobalSection
	GlobalSection(SolutionProperties) = preSolution
		HideSolutionNode = FALSE
	EndGlobalSection
EndGlobal
