Microsoft Visual Studio Solution File, Format Version 11.00
# Visual Studio 2010
Project("{8BC9CEB8-8B4A-11D0-8D11-00A0C91BC942}") = "minizip", "minizip.vcxproj", "{6C0FB764-1F26-7FA6-DCA2-4BEC9024F6FF}"
EndProject
Project("{8BC9CEB8-8B4A-11D0-8D11-00A0C91BC942}") = "zlib", "zlib.vcxproj", "{981011A5-7D60-A9BB-1EB2-FE3DF4C1DE6A}"
EndProject
Global
	GlobalSection(SolutionConfigurationPlatforms) = preSolution
		Debug|x64 = Debug|x64
		Debug|Win32 = Debug|Win32
		Release|x64 = Release|x64
		Release|Win32 = Release|Win32
	EndGlobalSection
	GlobalSection(ProjectConfigurationPlatforms) = postSolution
		{6C0FB764-1F26-7FA6-DCA2-4BEC9024F6FF}.Debug|x64.ActiveCfg = Debug|x64
		{6C0FB764-1F26-7FA6-DCA2-4BEC9024F6FF}.Debug|x64.Build.0 = Debug|x64
		{6C0FB764-1F26-7FA6-DCA2-4BEC9024F6FF}.Debug|Win32.ActiveCfg = Debug|Win32
		{6C0FB764-1F26-7FA6-DCA2-4BEC9024F6FF}.Debug|Win32.Build.0 = Debug|Win32
		{6C0FB764-1F26-7FA6-DCA2-4BEC9024F6FF}.Release|x64.ActiveCfg = Release|x64
		{6C0FB764-1F26-7FA6-DCA2-4BEC9024F6FF}.Release|x64.Build.0 = Release|x64
		{6C0FB764-1F26-7FA6-DCA2-4BEC9024F6FF}.Release|Win32.ActiveCfg = Release|Win32
		{6C0FB764-1F26-7FA6-DCA2-4BEC9024F6FF}.Release|Win32.Build.0 = Release|Win32
		{981011A5-7D60-A9BB-1EB2-FE3DF4C1DE6A}.Debug|x64.ActiveCfg = Debug|x64
		{981011A5-7D60-A9BB-1EB2-FE3DF4C1DE6A}.Debug|x64.Build.0 = Debug|x64
		{981011A5-7D60-A9BB-1EB2-FE3DF4C1DE6A}.Debug|Win32.ActiveCfg = Debug|Win32
		{981011A5-7D60-A9BB-1EB2-FE3DF4C1DE6A}.Debug|Win32.Build.0 = Debug|Win32
		{981011A5-7D60-A9BB-1EB2-FE3DF4C1DE6A}.Release|x64.ActiveCfg = Release|x64
		{981011A5-7D60-A9BB-1EB2-FE3DF4C1DE6A}.Release|x64.Build.0 = Release|x64
		{981011A5-7D60-A9BB-1EB2-FE3DF4C1DE6A}.Release|Win32.ActiveCfg = Release|Win32
		{981011A5-7D60-A9BB-1EB2-FE3DF4C1DE6A}.Release|Win32.Build.0 = Release|Win32
	EndGlobalSection
	GlobalSection(SolutionProperties) = preSolution
		HideSolutionNode = FALSE
	EndGlobalSection
EndGlobal
