Microsoft Visual Studio Solution File, Format Version 11.00
# Visual Studio 2010
Project("{2150E333-8FDC-42A3-9474-1A3956D46DE8}") = "(icu)", "..\..\..\icu", "{B5E6450C-38DC-834B-6919-953F956C4755}"
EndProject
Project("{8BC9CEB8-8B4A-11D0-8D11-00A0C91BC942}") = "icudata", "..\icu\icudata.vcxproj", "{1DDDEFE0-7436-E305-6B45-11F73132E5E5}"
EndProject
Project("{8BC9CEB8-8B4A-11D0-8D11-00A0C91BC942}") = "icuuc", "..\icu\icuuc.vcxproj", "{D9EBDA44-6298-3F6F-924B-FA512F507DC2}"
	ProjectSection(ProjectDependencies) = postProject
		{1DDDEFE0-7436-E305-6B45-11F73132E5E5} = {1DDDEFE0-7436-E305-6B45-11F73132E5E5}
	EndProjectSection
EndProject
Project("{8BC9CEB8-8B4A-11D0-8D11-00A0C91BC942}") = "sfntly", "sfntly.vcxproj", "{8ED59A1C-88A9-CA12-0A41-F33259CE1D1B}"
EndProject
Global
	GlobalSection(SolutionConfigurationPlatforms) = preSolution
		Release|x64 = Release|x64
		Debug|Win32 = Debug|Win32
		Debug|x64 = Debug|x64
		Release|Win32 = Release|Win32
	EndGlobalSection
	GlobalSection(ProjectConfigurationPlatforms) = postSolution
		{1DDDEFE0-7436-E305-6B45-11F73132E5E5}.Release|x64.ActiveCfg = Release|x64
		{1DDDEFE0-7436-E305-6B45-11F73132E5E5}.Release|x64.Build.0 = Release|x64
		{1DDDEFE0-7436-E305-6B45-11F73132E5E5}.Debug|Win32.ActiveCfg = Debug|Win32
		{1DDDEFE0-7436-E305-6B45-11F73132E5E5}.Debug|Win32.Build.0 = Debug|Win32
		{1DDDEFE0-7436-E305-6B45-11F73132E5E5}.Debug|x64.ActiveCfg = Debug|x64
		{1DDDEFE0-7436-E305-6B45-11F73132E5E5}.Debug|x64.Build.0 = Debug|x64
		{1DDDEFE0-7436-E305-6B45-11F73132E5E5}.Release|Win32.ActiveCfg = Release|Win32
		{1DDDEFE0-7436-E305-6B45-11F73132E5E5}.Release|Win32.Build.0 = Release|Win32
		{8ED59A1C-88A9-CA12-0A41-F33259CE1D1B}.Release|x64.ActiveCfg = Release|x64
		{8ED59A1C-88A9-CA12-0A41-F33259CE1D1B}.Release|x64.Build.0 = Release|x64
		{8ED59A1C-88A9-CA12-0A41-F33259CE1D1B}.Debug|Win32.ActiveCfg = Debug|Win32
		{8ED59A1C-88A9-CA12-0A41-F33259CE1D1B}.Debug|Win32.Build.0 = Debug|Win32
		{8ED59A1C-88A9-CA12-0A41-F33259CE1D1B}.Debug|x64.ActiveCfg = Debug|x64
		{8ED59A1C-88A9-CA12-0A41-F33259CE1D1B}.Debug|x64.Build.0 = Debug|x64
		{8ED59A1C-88A9-CA12-0A41-F33259CE1D1B}.Release|Win32.ActiveCfg = Release|Win32
		{8ED59A1C-88A9-CA12-0A41-F33259CE1D1B}.Release|Win32.Build.0 = Release|Win32
		{D9EBDA44-6298-3F6F-924B-FA512F507DC2}.Release|x64.ActiveCfg = Release|x64
		{D9EBDA44-6298-3F6F-924B-FA512F507DC2}.Release|x64.Build.0 = Release|x64
		{D9EBDA44-6298-3F6F-924B-FA512F507DC2}.Debug|Win32.ActiveCfg = Debug|Win32
		{D9EBDA44-6298-3F6F-924B-FA512F507DC2}.Debug|Win32.Build.0 = Debug|Win32
		{D9EBDA44-6298-3F6F-924B-FA512F507DC2}.Debug|x64.ActiveCfg = Debug|x64
		{D9EBDA44-6298-3F6F-924B-FA512F507DC2}.Debug|x64.Build.0 = Debug|x64
		{D9EBDA44-6298-3F6F-924B-FA512F507DC2}.Release|Win32.ActiveCfg = Release|Win32
		{D9EBDA44-6298-3F6F-924B-FA512F507DC2}.Release|Win32.Build.0 = Release|Win32
	EndGlobalSection
	GlobalSection(SolutionProperties) = preSolution
		HideSolutionNode = FALSE
	EndGlobalSection
	GlobalSection(NestedProjects) = preSolution
		{1DDDEFE0-7436-E305-6B45-11F73132E5E5} = {B5E6450C-38DC-834B-6919-953F956C4755}
		{D9EBDA44-6298-3F6F-924B-FA512F507DC2} = {B5E6450C-38DC-834B-6919-953F956C4755}
	EndGlobalSection
EndGlobal
